// !$*UTF8*$!
{
	archiveVersion = 1;
	classes = {
	};
	objectVersion = 52;
	objects = {

/* Begin PBXBuildFile section */
		37D3F3C60A514BD289159207 /* Appointment.swift in Sources */ = {isa = PBXBuildFile; fileRef = B814CE8A877F4ED3836E7164 /* Appointment.swift */; };
		6D68240D61E8464682339A2B /* Payment+Schema.swift in Sources */ = {isa = PBXBuildFile; fileRef = 4C27F6BAA9004E0DA23B2142 /* Payment+Schema.swift */; };
		6F02155825409D6200F2DFBE /* PatientDetailViewModel.swift in Sources */ = {isa = PBXBuildFile; fileRef = 6F02155725409D6200F2DFBE /* PatientDetailViewModel.swift */; };
		6F05F3CD257947410099BB94 /* amplifyconfiguration.json in Resources */ = {isa = PBXBuildFile; fileRef = 6F05F3CA257947410099BB94 /* amplifyconfiguration.json */; };
		6F05F3CE257947410099BB94 /* awsconfiguration.json in Resources */ = {isa = PBXBuildFile; fileRef = 6F05F3CB257947410099BB94 /* awsconfiguration.json */; };
		6F0B35A825AF650600E7C722 /* Localizable.strings in Resources */ = {isa = PBXBuildFile; fileRef = 6F0B35AA25AF650600E7C722 /* Localizable.strings */; };
		6F0BF647255D8D69004ACD4F /* PatientCreateView.swift in Sources */ = {isa = PBXBuildFile; fileRef = 6F0BF646255D8D69004ACD4F /* PatientCreateView.swift */; };
		6F0BF64A255D8DE8004ACD4F /* PatientCreateViewModel.swift in Sources */ = {isa = PBXBuildFile; fileRef = 6F0BF649255D8DE8004ACD4F /* PatientCreateViewModel.swift */; };
		6F0BF64E255DA191004ACD4F /* AppointmentCreateView.swift in Sources */ = {isa = PBXBuildFile; fileRef = 6F0BF64D255DA191004ACD4F /* AppointmentCreateView.swift */; };
		6F0BF652255DA201004ACD4F /* AppointmentCreateViewModel.swift in Sources */ = {isa = PBXBuildFile; fileRef = 6F0BF651255DA201004ACD4F /* AppointmentCreateViewModel.swift */; };
		6F0BF656255DA48F004ACD4F /* DiagnosisCreateView.swift in Sources */ = {isa = PBXBuildFile; fileRef = 6F0BF655255DA48F004ACD4F /* DiagnosisCreateView.swift */; };
		6F1047DA25A33B5900A8341F /* IntersistititalAdView.swift in Sources */ = {isa = PBXBuildFile; fileRef = 6F1047D925A33B5900A8341F /* IntersistititalAdView.swift */; };
		6F1047DD25A33DE200A8341F /* BannerAdView.swift in Sources */ = {isa = PBXBuildFile; fileRef = 6F1047DC25A33DE200A8341F /* BannerAdView.swift */; };
		6F1047E025A34A4500A8341F /* RewardedVideoAd.swift in Sources */ = {isa = PBXBuildFile; fileRef = 6F1047DF25A34A4500A8341F /* RewardedVideoAd.swift */; };
		6F1047E425A3560300A8341F /* Store.swift in Sources */ = {isa = PBXBuildFile; fileRef = 6F1047E325A3560300A8341F /* Store.swift */; };
		6F1047E725A371E500A8341F /* PriceExtension.swift in Sources */ = {isa = PBXBuildFile; fileRef = 6F1047E625A371E500A8341F /* PriceExtension.swift */; };
		6F1A3FD525B2EF5D00EC448E /* DatePickersSection.swift in Sources */ = {isa = PBXBuildFile; fileRef = 6F1A3FD425B2EF5D00EC448E /* DatePickersSection.swift */; };
		6F1A3FD825B3021E00EC448E /* ServicesSection.swift in Sources */ = {isa = PBXBuildFile; fileRef = 6F1A3FD725B3021E00EC448E /* ServicesSection.swift */; };
		6F1A3FDB25B3028100EC448E /* SumSection.swift in Sources */ = {isa = PBXBuildFile; fileRef = 6F1A3FDA25B3028100EC448E /* SumSection.swift */; };
		6F1A3FDE25B307F900EC448E /* DiagnosisRow.swift in Sources */ = {isa = PBXBuildFile; fileRef = 6F1A3FDD25B307F900EC448E /* DiagnosisRow.swift */; };
		6F1D733725E6AB510008DCBF /* PageTabView.swift in Sources */ = {isa = PBXBuildFile; fileRef = 6F1D733625E6AB510008DCBF /* PageTabView.swift */; };
		6F1D733B25E6AC110008DCBF /* WalktroughView.swift in Sources */ = {isa = PBXBuildFile; fileRef = 6F1D733A25E6AC110008DCBF /* WalktroughView.swift */; };
		6F1D733E25E6ADE50008DCBF /* TabDetailsView.swift in Sources */ = {isa = PBXBuildFile; fileRef = 6F1D733D25E6ADE50008DCBF /* TabDetailsView.swift */; };
		6F1D734125E6AE1F0008DCBF /* Data + Page.swift in Sources */ = {isa = PBXBuildFile; fileRef = 6F1D734025E6AE1F0008DCBF /* Data + Page.swift */; };
		6F1D734425E6AF770008DCBF /* ButtonsView.swift in Sources */ = {isa = PBXBuildFile; fileRef = 6F1D734325E6AF770008DCBF /* ButtonsView.swift */; };
		6F1E95202664C5CB00B4D1FB /* StringExtension.swift in Sources */ = {isa = PBXBuildFile; fileRef = 6F1E951F2664C5CA00B4D1FB /* StringExtension.swift */; };
		6F2149EF25B9FA12006B57F3 /* Introspect in Frameworks */ = {isa = PBXBuildFile; productRef = 6F2149EE25B9FA12006B57F3 /* Introspect */; };
		6F26F9852619D63D0039A2C8 /* GoogleSignInButton.swift in Sources */ = {isa = PBXBuildFile; fileRef = 6F26F9842619D63D0039A2C8 /* GoogleSignInButton.swift */; };
		6F2B89AC257CCA5900D717EC /* AppointmentCalendarView.swift in Sources */ = {isa = PBXBuildFile; fileRef = 6F2B89AB257CCA5900D717EC /* AppointmentCalendarView.swift */; };
		6F2BA5622633212800F5FB22 /* EnvironmentKeys.swift in Sources */ = {isa = PBXBuildFile; fileRef = 6F2BA5612633212800F5FB22 /* EnvironmentKeys.swift */; };
		6F2BA5872633280800F5FB22 /* InternetConnectionManager.swift in Sources */ = {isa = PBXBuildFile; fileRef = 6F2BA5862633280800F5FB22 /* InternetConnectionManager.swift */; };
		6F2FB4E1251F228600A046F9 /* LoginView.swift in Sources */ = {isa = PBXBuildFile; fileRef = 6F2FB4E0251F228600A046F9 /* LoginView.swift */; };
		6F2FB4E4251F274C00A046F9 /* NavigationBarColor.swift in Sources */ = {isa = PBXBuildFile; fileRef = 6F2FB4E3251F274C00A046F9 /* NavigationBarColor.swift */; };
		6F2FB4E7251F2EED00A046F9 /* ContentHostingController.swift in Sources */ = {isa = PBXBuildFile; fileRef = 6F2FB4E6251F2EED00A046F9 /* ContentHostingController.swift */; };
		6F2FB4F3251F3DDE00A046F9 /* RegisterView.swift in Sources */ = {isa = PBXBuildFile; fileRef = 6F2FB4F2251F3DDE00A046F9 /* RegisterView.swift */; };
		6F328EB6253CADE900F28F0F /* LoginViewController.swift in Sources */ = {isa = PBXBuildFile; fileRef = 6F328EB5253CADE900F28F0F /* LoginViewController.swift */; };
		6F328F3F253CB5CC00F28F0F /* CustomTextField.swift in Sources */ = {isa = PBXBuildFile; fileRef = 6F328F3E253CB5CC00F28F0F /* CustomTextField.swift */; };
		6F328F42253CB5DC00F28F0F /* AvatarBlock.swift in Sources */ = {isa = PBXBuildFile; fileRef = 6F328F41253CB5DC00F28F0F /* AvatarBlock.swift */; };
		6F328F45253CB60700F28F0F /* CustomButton.swift in Sources */ = {isa = PBXBuildFile; fileRef = 6F328F44253CB60600F28F0F /* CustomButton.swift */; };
		6F32DB11256417D5008EED03 /* AppointmentEditView.swift in Sources */ = {isa = PBXBuildFile; fileRef = 6F32DB10256417D5008EED03 /* AppointmentEditView.swift */; };
		6F32DB14256417FD008EED03 /* AppointmentEditViewModel.swift in Sources */ = {isa = PBXBuildFile; fileRef = 6F32DB13256417FD008EED03 /* AppointmentEditViewModel.swift */; };
		6F38B6E325DA3EBE003CF70C /* ImportEvents.swift in Sources */ = {isa = PBXBuildFile; fileRef = 6F38B6E225DA3EBE003CF70C /* ImportEvents.swift */; };
		6F3A1A85251911900042E7C4 /* DentistCalendarApp.swift in Sources */ = {isa = PBXBuildFile; fileRef = 6F3A1A84251911900042E7C4 /* DentistCalendarApp.swift */; };
		6F3A1A87251911900042E7C4 /* ContentView.swift in Sources */ = {isa = PBXBuildFile; fileRef = 6F3A1A86251911900042E7C4 /* ContentView.swift */; };
		6F3A1A89251911900042E7C4 /* Assets.xcassets in Resources */ = {isa = PBXBuildFile; fileRef = 6F3A1A88251911900042E7C4 /* Assets.xcassets */; };
		6F3A1A8C251911900042E7C4 /* Preview Assets.xcassets in Resources */ = {isa = PBXBuildFile; fileRef = 6F3A1A8B251911900042E7C4 /* Preview Assets.xcassets */; };
		6F3A2AED25C83ACC001E91A0 /* ViewExtension.swift in Sources */ = {isa = PBXBuildFile; fileRef = 6F3A2AEC25C83ACC001E91A0 /* ViewExtension.swift */; };
		6F3E742D2545E5FC00410A6F /* PatientUpdateViewModel.swift in Sources */ = {isa = PBXBuildFile; fileRef = 6F3E742C2545E5FC00410A6F /* PatientUpdateViewModel.swift */; };
		6F3E74332545EB8700410A6F /* PhoneNumberTextFieldView.swift in Sources */ = {isa = PBXBuildFile; fileRef = 6F3E74322545EB8700410A6F /* PhoneNumberTextFieldView.swift */; };
		6F3F8F0025B9DE0900C42CEE /* ForgotPasswordView.swift in Sources */ = {isa = PBXBuildFile; fileRef = 6F3F8EFF25B9DE0900C42CEE /* ForgotPasswordView.swift */; };
		6F3F8F0325B9E38800C42CEE /* HeplfulFunctions.swift in Sources */ = {isa = PBXBuildFile; fileRef = 6F3F8F0225B9E38800C42CEE /* HeplfulFunctions.swift */; };
		6F418C0625262FEE008FD40F /* Api.swift in Sources */ = {isa = PBXBuildFile; fileRef = 6F418C0525262FEE008FD40F /* Api.swift */; };
		6F418C0925263684008FD40F /* ApiHelper.swift in Sources */ = {isa = PBXBuildFile; fileRef = 6F418C0825263684008FD40F /* ApiHelper.swift */; };
		6F418C102526421C008FD40F /* LoginViewModel.swift in Sources */ = {isa = PBXBuildFile; fileRef = 6F418C0F2526421C008FD40F /* LoginViewModel.swift */; };
		6F43790025D9764700DE722C /* Event.swift in Sources */ = {isa = PBXBuildFile; fileRef = 6F4378F125D9764300DE722C /* Event.swift */; };
		6F43790125D9764700DE722C /* iCal.swift in Sources */ = {isa = PBXBuildFile; fileRef = 6F4378F225D9764300DE722C /* iCal.swift */; };
		6F43790225D9764700DE722C /* iCalError.swift in Sources */ = {isa = PBXBuildFile; fileRef = 6F4378F425D9764400DE722C /* iCalError.swift */; };
		6F43790325D9764700DE722C /* Calendar.swift in Sources */ = {isa = PBXBuildFile; fileRef = 6F4378F525D9764400DE722C /* Calendar.swift */; };
		6F43790425D9764700DE722C /* CalendarComponent.swift in Sources */ = {isa = PBXBuildFile; fileRef = 6F4378F825D9764500DE722C /* CalendarComponent.swift */; };
		6F43790525D9764700DE722C /* IcsElement.swift in Sources */ = {isa = PBXBuildFile; fileRef = 6F4378F925D9764500DE722C /* IcsElement.swift */; };
		6F43790625D9764700DE722C /* Date.swift in Sources */ = {isa = PBXBuildFile; fileRef = 6F4378FB25D9764600DE722C /* Date.swift */; };
		6F43790725D9764700DE722C /* String.swift in Sources */ = {isa = PBXBuildFile; fileRef = 6F4378FC25D9764600DE722C /* String.swift */; };
		6F43790825D9764700DE722C /* Alarm.swift in Sources */ = {isa = PBXBuildFile; fileRef = 6F4378FD25D9764700DE722C /* Alarm.swift */; };
		6F43790925D9764700DE722C /* Parser.swift in Sources */ = {isa = PBXBuildFile; fileRef = 6F4378FF25D9764700DE722C /* Parser.swift */; };
		6F43790C25D97CDB00DE722C /* ExportDocument.swift in Sources */ = {isa = PBXBuildFile; fileRef = 6F43790B25D97CDB00DE722C /* ExportDocument.swift */; };
		6F4403BB2530B6740025BB9A /* PatientsListView.swift in Sources */ = {isa = PBXBuildFile; fileRef = 6F4403BA2530B6740025BB9A /* PatientsListView.swift */; };
		6F4403BF2530BE460025BB9A /* PatientsListRow.swift in Sources */ = {isa = PBXBuildFile; fileRef = 6F4403BE2530BE460025BB9A /* PatientsListRow.swift */; };
		6F457284252E1C94008B1857 /* ProfileSettingsViewModel.swift in Sources */ = {isa = PBXBuildFile; fileRef = 6F457283252E1C94008B1857 /* ProfileSettingsViewModel.swift */; };
		6F457288252E1D52008B1857 /* ProfileSettingsUserDataView.swift in Sources */ = {isa = PBXBuildFile; fileRef = 6F457287252E1D52008B1857 /* ProfileSettingsUserDataView.swift */; };
		6F4AFCEA2531B9C100F842BA /* getAvatarColor.swift in Sources */ = {isa = PBXBuildFile; fileRef = 6F4AFCE92531B9C100F842BA /* getAvatarColor.swift */; };
		6F4AFCED2531C13600F842BA /* PatientsListViewModel.swift in Sources */ = {isa = PBXBuildFile; fileRef = 6F4AFCEC2531C13600F842BA /* PatientsListViewModel.swift */; };
		6F4BFB312621C98E00F68689 /* ActionButton.swift in Sources */ = {isa = PBXBuildFile; fileRef = 6F4BFB302621C98E00F68689 /* ActionButton.swift */; };
		6F4D9E882534A80E000DAE1C /* PatientsDetailView.swift in Sources */ = {isa = PBXBuildFile; fileRef = 6F4D9E872534A80E000DAE1C /* PatientsDetailView.swift */; };
		6F50F3472603C7FB00E740F6 /* ArrayExtension.swift in Sources */ = {isa = PBXBuildFile; fileRef = 6F50F3462603C7FB00E740F6 /* ArrayExtension.swift */; };
		6F51126F258A7210008D6799 /* MultipleSelectionRow.swift in Sources */ = {isa = PBXBuildFile; fileRef = 6F51126E258A7210008D6799 /* MultipleSelectionRow.swift */; };
		6F55F04C2526F0340095729D /* RegisterViewModel.swift in Sources */ = {isa = PBXBuildFile; fileRef = 6F55F04B2526F0340095729D /* RegisterViewModel.swift */; };
		6F639778264D8E2C007474ED /* ModalView2.swift in Sources */ = {isa = PBXBuildFile; fileRef = 6F639777264D8E2C007474ED /* ModalView2.swift */; };
		6F65467F25527D22007F4C2D /* SessionManager.swift in Sources */ = {isa = PBXBuildFile; fileRef = 6F65467E25527D22007F4C2D /* SessionManager.swift */; };
		6F65468225527EC7007F4C2D /* ConfirmationView.swift in Sources */ = {isa = PBXBuildFile; fileRef = 6F65468125527EC7007F4C2D /* ConfirmationView.swift */; };
		6F6546892552C03A007F4C2D /* CodeInput.swift in Sources */ = {isa = PBXBuildFile; fileRef = 6F6546882552C03A007F4C2D /* CodeInput.swift */; };
		6F6546902552C285007F4C2D /* PassCodeInputCell.swift in Sources */ = {isa = PBXBuildFile; fileRef = 6F65468D2552C285007F4C2D /* PassCodeInputCell.swift */; };
		6F6546912552C285007F4C2D /* PassCodeInputModel.swift in Sources */ = {isa = PBXBuildFile; fileRef = 6F65468E2552C285007F4C2D /* PassCodeInputModel.swift */; };
		6F67377825727DED0092B81B /* EventAddView.swift in Sources */ = {isa = PBXBuildFile; fileRef = 6F67377725727DED0092B81B /* EventAddView.swift */; };
		6F67377B25727E830092B81B /* EventAddViewModel.swift in Sources */ = {isa = PBXBuildFile; fileRef = 6F67377A25727E830092B81B /* EventAddViewModel.swift */; };
		6F67377E2572C1E70092B81B /* EventCalendarChooserView.swift in Sources */ = {isa = PBXBuildFile; fileRef = 6F67377D2572C1E70092B81B /* EventCalendarChooserView.swift */; };
		6F690360260BAC360019630C /* NavigationSearchBar.swift in Sources */ = {isa = PBXBuildFile; fileRef = 6F69035F260BAC360019630C /* NavigationSearchBar.swift */; };
		6F6E04FD26654F9A0062ACE3 /* LaunchScreen.storyboard in Resources */ = {isa = PBXBuildFile; fileRef = 6F6E04FC26654F9A0062ACE3 /* LaunchScreen.storyboard */; };
		6F70B7DF25E93DAC003A66D9 /* BillingSection.swift in Sources */ = {isa = PBXBuildFile; fileRef = 6F70B7DE25E93DAC003A66D9 /* BillingSection.swift */; };
		6F780F53266104460067F2CC /* GoogleService-Info.plist in Resources */ = {isa = PBXBuildFile; fileRef = 6F780F52266104460067F2CC /* GoogleService-Info.plist */; };
		6F78213F2667FE2C00480151 /* ForeachExtension.swift in Sources */ = {isa = PBXBuildFile; fileRef = 6F78213E2667FE2B00480151 /* ForeachExtension.swift */; };
		6F795F27257A53620013E2BB /* Enums.swift in Sources */ = {isa = PBXBuildFile; fileRef = 6F795F26257A53620013E2BB /* Enums.swift */; };
		6F7CE317255FC6A700D8D521 /* DiagnosisModel.xcdatamodeld in Sources */ = {isa = PBXBuildFile; fileRef = 6F7CE315255FC6A700D8D521 /* DiagnosisModel.xcdatamodeld */; };
		6F7CE31A255FC76E00D8D521 /* Persistence.swift in Sources */ = {isa = PBXBuildFile; fileRef = 6F7CE319255FC76E00D8D521 /* Persistence.swift */; };
		6F7CE31D255FCE5500D8D521 /* AlertControlView.swift in Sources */ = {isa = PBXBuildFile; fileRef = 6F7CE31C255FCE5500D8D521 /* AlertControlView.swift */; };
		6F7CE321255FE2D300D8D521 /* SearchBar.swift in Sources */ = {isa = PBXBuildFile; fileRef = 6F7CE320255FE2D300D8D521 /* SearchBar.swift */; };
		6F7CE325255FE2E400D8D521 /* ViewControllerResolver.swift in Sources */ = {isa = PBXBuildFile; fileRef = 6F7CE324255FE2E400D8D521 /* ViewControllerResolver.swift */; };
		6F7ECB5A25EB89D30002B91A /* CodeView.swift in Sources */ = {isa = PBXBuildFile; fileRef = 6F7ECB5925EB89D30002B91A /* CodeView.swift */; };
		6F7ECB5D25EB89FF0002B91A /* CodeInputView.swift in Sources */ = {isa = PBXBuildFile; fileRef = 6F7ECB5C25EB89FF0002B91A /* CodeInputView.swift */; };
		6F81973F25B2CE8A00022321 /* EventKit.framework in Frameworks */ = {isa = PBXBuildFile; fileRef = 6F81973D25B2CE8A00022321 /* EventKit.framework */; };
		6F81974025B2CE8A00022321 /* EventKitUI.framework in Frameworks */ = {isa = PBXBuildFile; fileRef = 6F81973E25B2CE8A00022321 /* EventKitUI.framework */; };
		6F81974225B2CEA200022321 /* CoreTelephony.framework in Frameworks */ = {isa = PBXBuildFile; fileRef = 6F81974125B2CEA200022321 /* CoreTelephony.framework */; };
		6F81974425B2CEF700022321 /* AdSupport.framework in Frameworks */ = {isa = PBXBuildFile; fileRef = 6F81974325B2CEF700022321 /* AdSupport.framework */; };
		6F81974825B2CF0600022321 /* AVFoundation.framework in Frameworks */ = {isa = PBXBuildFile; fileRef = 6F81974725B2CF0600022321 /* AVFoundation.framework */; };
		6F81974A25B2CF1000022321 /* CoreGraphics.framework in Frameworks */ = {isa = PBXBuildFile; fileRef = 6F81974925B2CF1000022321 /* CoreGraphics.framework */; };
		6F81974C25B2CF1E00022321 /* SystemConfiguration.framework in Frameworks */ = {isa = PBXBuildFile; fileRef = 6F81974B25B2CF1E00022321 /* SystemConfiguration.framework */; };
		6F81976A25B2CFAF00022321 /* MessageUI.framework in Frameworks */ = {isa = PBXBuildFile; fileRef = 6F81976925B2CFAF00022321 /* MessageUI.framework */; };
		6F81976E25B2CFCA00022321 /* CFNetwork.framework in Frameworks */ = {isa = PBXBuildFile; fileRef = 6F81976D25B2CFCA00022321 /* CFNetwork.framework */; };
		6F81977525B2EC8700022321 /* PickerCalendarSection.swift in Sources */ = {isa = PBXBuildFile; fileRef = 6F81977425B2EC8700022321 /* PickerCalendarSection.swift */; };
		6F81977A25B2ECEA00022321 /* PatientCreateSection.swift in Sources */ = {isa = PBXBuildFile; fileRef = 6F81977925B2ECEA00022321 /* PatientCreateSection.swift */; };
		6F853B3925BB4EDB0063FBBC /* ModalView.swift in Sources */ = {isa = PBXBuildFile; fileRef = 6F853B3825BB4EDB0063FBBC /* ModalView.swift */; };
		6F8581BC25D43E2800E7BF1F /* KeyboardAdaptive.swift in Sources */ = {isa = PBXBuildFile; fileRef = 6F8581B925D43E2700E7BF1F /* KeyboardAdaptive.swift */; };
		6F8581BD25D43E2800E7BF1F /* UIResponder+Current.swift in Sources */ = {isa = PBXBuildFile; fileRef = 6F8581BA25D43E2800E7BF1F /* UIResponder+Current.swift */; };
		6F8581BE25D43E2800E7BF1F /* KeyboardHeightPublisher.swift in Sources */ = {isa = PBXBuildFile; fileRef = 6F8581BB25D43E2800E7BF1F /* KeyboardHeightPublisher.swift */; };
		6F8581C125D43F6100E7BF1F /* KeyboardAwareModifier.swift in Sources */ = {isa = PBXBuildFile; fileRef = 6F8581B825D43E1900E7BF1F /* KeyboardAwareModifier.swift */; };
		6F8581D325D451E700E7BF1F /* ExportEvents.swift in Sources */ = {isa = PBXBuildFile; fileRef = 6F8581D225D451E700E7BF1F /* ExportEvents.swift */; };
		6F87E88C25A2F521000B4834 /* UnifiedNativeAdView.xib in Resources */ = {isa = PBXBuildFile; fileRef = 6F87E88B25A2F521000B4834 /* UnifiedNativeAdView.xib */; };
		6F97FA312542A738004750BF /* PatientUpdateView.swift in Sources */ = {isa = PBXBuildFile; fileRef = 6F97FA302542A738004750BF /* PatientUpdateView.swift */; };
		6FA6926A252B60F500711A88 /* ProfileSettingsView.swift in Sources */ = {isa = PBXBuildFile; fileRef = 6FA69269252B60F500711A88 /* ProfileSettingsView.swift */; };
		6FA795DA2592658100992EAE /* ServiceList.swift in Sources */ = {isa = PBXBuildFile; fileRef = 6FA795D92592658100992EAE /* ServiceList.swift */; };
		6FAE12C325555DF4004B6EAB /* Patient+Extensions.swift in Sources */ = {isa = PBXBuildFile; fileRef = 6FAE12C225555DF4004B6EAB /* Patient+Extensions.swift */; };
		6FB5F05125D04B7000FF24B8 /* Alert.swift in Sources */ = {isa = PBXBuildFile; fileRef = 6FB5F05025D04B7000FF24B8 /* Alert.swift */; };
		6FB5F0D525D05B6500FF24B8 /* AppDelegate.swift in Sources */ = {isa = PBXBuildFile; fileRef = 6FB5F0D425D05B6500FF24B8 /* AppDelegate.swift */; };
		6FB8DC5125D19A1E00A04107 /* SPAlert in Frameworks */ = {isa = PBXBuildFile; productRef = 6FB8DC5025D19A1E00A04107 /* SPAlert */; };
		6FC9022B25A21EEC0043A70F /* BuySubscriptionView.swift in Sources */ = {isa = PBXBuildFile; fileRef = 6FC9022A25A21EEC0043A70F /* BuySubscriptionView.swift */; };
		6FC9024925A23BD70043A70F /* GoogleAdsVariables + Constants.swift in Sources */ = {isa = PBXBuildFile; fileRef = 6FC9024825A23BD70043A70F /* GoogleAdsVariables + Constants.swift */; };
		6FC9024D25A23EEE0043A70F /* NativeAdView.swift in Sources */ = {isa = PBXBuildFile; fileRef = 6FC9024C25A23EEE0043A70F /* NativeAdView.swift */; };
		6FCC65CD257E7E9300505115 /* AppointmentCalendarViewModel.swift in Sources */ = {isa = PBXBuildFile; fileRef = 6FCC65CC257E7E9300505115 /* AppointmentCalendarViewModel.swift */; };
		6FD57D57253C3D5E00C64847 /* CalendarKitViewController.swift in Sources */ = {isa = PBXBuildFile; fileRef = 6FD57D56253C3D5E00C64847 /* CalendarKitViewController.swift */; };
		6FD57D5E253C3F8100C64847 /* DateControllerDelegaet.swift in Sources */ = {isa = PBXBuildFile; fileRef = 6FD57D5D253C3F8100C64847 /* DateControllerDelegaet.swift */; };
		6FD57D61253C413500C64847 /* TimeChunk.swift in Sources */ = {isa = PBXBuildFile; fileRef = 6FD57D60253C413500C64847 /* TimeChunk.swift */; };
		6FD82A6F25B45C06004D22C3 /* WebKit.framework in Frameworks */ = {isa = PBXBuildFile; fileRef = 6FD82A6E25B45C06004D22C3 /* WebKit.framework */; };
		6FD91C28252F600E00231625 /* getTokens.swift in Sources */ = {isa = PBXBuildFile; fileRef = 6FD91C27252F600E00231625 /* getTokens.swift */; };
		6FDAD3782631DEBA00CA5AA5 /* OnBoardingView.swift in Sources */ = {isa = PBXBuildFile; fileRef = 6FDAD3772631DEBA00CA5AA5 /* OnBoardingView.swift */; };
		6FDAD37C2631E80300CA5AA5 /* SwiftUIX in Frameworks */ = {isa = PBXBuildFile; productRef = 6FDAD37B2631E80300CA5AA5 /* SwiftUIX */; };
		6FE422592589250200E62B55 /* DatePickerModalView.swift in Sources */ = {isa = PBXBuildFile; fileRef = 6FE422582589250200E62B55 /* DatePickerModalView.swift */; };
		6FE9253D253F54FC00E5BEB6 /* PatientDetailCard.swift in Sources */ = {isa = PBXBuildFile; fileRef = 6FE9253C253F54FC00E5BEB6 /* PatientDetailCard.swift */; };
		6FE9D2E82541E20400F1C74A /* FloatingButton.swift in Sources */ = {isa = PBXBuildFile; fileRef = 6FE9D2E72541E20400F1C74A /* FloatingButton.swift */; };
		6FE9D2EF2541EA2700F1C74A /* RefreshScrollView.swift in Sources */ = {isa = PBXBuildFile; fileRef = 6FE9D2EE2541EA2700F1C74A /* RefreshScrollView.swift */; };
		6FEB49EC267B38D800923E37 /* schema.graphql in Resources */ = {isa = PBXBuildFile; fileRef = 6FEB49EB267B38D800923E37 /* schema.graphql */; };
		6FEF93482670C3E100693408 /* HalfModalView.swift in Sources */ = {isa = PBXBuildFile; fileRef = 6FEF93472670C3E100693408 /* HalfModalView.swift */; };
		6FF64EF7251E34D70094C0E0 /* CalendarDayView.swift in Sources */ = {isa = PBXBuildFile; fileRef = 6FF64EF6251E34D70094C0E0 /* CalendarDayView.swift */; };
		6FF64EFE251E3A9E0094C0E0 /* events.json in Resources */ = {isa = PBXBuildFile; fileRef = 6FF64EFD251E3A9E0094C0E0 /* events.json */; };
		6FF64F02251E3CBE0094C0E0 /* Color.swift in Sources */ = {isa = PBXBuildFile; fileRef = 6FF64F01251E3CBE0094C0E0 /* Color.swift */; };
		6FF64F06251E44580094C0E0 /* Item.swift in Sources */ = {isa = PBXBuildFile; fileRef = 6FF64F05251E44580094C0E0 /* Item.swift */; };
		9BDB79E3DDC64FF9866CF8CB /* Patient.swift in Sources */ = {isa = PBXBuildFile; fileRef = 15342B5A8A894B0292EAE456 /* Patient.swift */; };
		B92B00613123FD28FAED51F3 /* Pods_DentistCalendar.framework in Frameworks */ = {isa = PBXBuildFile; fileRef = F10EAB35A8CF1DAEAC01182F /* Pods_DentistCalendar.framework */; };
		D62FF8CA96BB4C7F96C41A23 /* AmplifyModels.swift in Sources */ = {isa = PBXBuildFile; fileRef = 783B8691C6F843B193118D04 /* AmplifyModels.swift */; };
		E6D88C0A92394FC78904A6BA /* Appointment+Schema.swift in Sources */ = {isa = PBXBuildFile; fileRef = FB8469FF862A4498AD9DFA46 /* Appointment+Schema.swift */; };
		F22EAA83B8FC494FB95BFDAB /* Patient+Schema.swift in Sources */ = {isa = PBXBuildFile; fileRef = B987DF415C0C490B9BCEE739 /* Patient+Schema.swift */; };
		FEF955966CB945ADA3863878 /* Payment.swift in Sources */ = {isa = PBXBuildFile; fileRef = 24BA8390FFFB4F87A079E7DD /* Payment.swift */; };
/* End PBXBuildFile section */

/* Begin PBXFileReference section */
		15342B5A8A894B0292EAE456 /* Patient.swift */ = {isa = PBXFileReference; explicitFileType = undefined; fileEncoding = 4; includeInIndex = 0; lastKnownFileType = sourcecode.swift; name = Patient.swift; path = amplify/generated/models/Patient.swift; sourceTree = "<group>"; };
		24BA8390FFFB4F87A079E7DD /* Payment.swift */ = {isa = PBXFileReference; explicitFileType = undefined; fileEncoding = 4; includeInIndex = 0; lastKnownFileType = sourcecode.swift; name = Payment.swift; path = amplify/generated/models/Payment.swift; sourceTree = "<group>"; };
		4C27F6BAA9004E0DA23B2142 /* Payment+Schema.swift */ = {isa = PBXFileReference; explicitFileType = undefined; fileEncoding = 4; includeInIndex = 0; lastKnownFileType = sourcecode.swift; name = "Payment+Schema.swift"; path = "amplify/generated/models/Payment+Schema.swift"; sourceTree = "<group>"; };
		6F02155725409D6200F2DFBE /* PatientDetailViewModel.swift */ = {isa = PBXFileReference; lastKnownFileType = sourcecode.swift; path = PatientDetailViewModel.swift; sourceTree = "<group>"; };
		6F032150257FE36900E3F91D /* DentistCalendar.entitlements */ = {isa = PBXFileReference; lastKnownFileType = text.plist.entitlements; path = DentistCalendar.entitlements; sourceTree = "<group>"; };
		6F05F3CA257947410099BB94 /* amplifyconfiguration.json */ = {isa = PBXFileReference; fileEncoding = 4; lastKnownFileType = text.json; path = amplifyconfiguration.json; sourceTree = SOURCE_ROOT; };
		6F05F3CB257947410099BB94 /* awsconfiguration.json */ = {isa = PBXFileReference; fileEncoding = 4; lastKnownFileType = text.json; path = awsconfiguration.json; sourceTree = SOURCE_ROOT; };
		6F0B35A925AF650600E7C722 /* en */ = {isa = PBXFileReference; lastKnownFileType = text.plist.strings; name = en; path = en.lproj/Localizable.strings; sourceTree = "<group>"; };
		6F0B35AC25AF650A00E7C722 /* ru */ = {isa = PBXFileReference; lastKnownFileType = text.plist.strings; name = ru; path = ru.lproj/Localizable.strings; sourceTree = "<group>"; };
		6F0BF646255D8D69004ACD4F /* PatientCreateView.swift */ = {isa = PBXFileReference; lastKnownFileType = sourcecode.swift; path = PatientCreateView.swift; sourceTree = "<group>"; };
		6F0BF649255D8DE8004ACD4F /* PatientCreateViewModel.swift */ = {isa = PBXFileReference; lastKnownFileType = sourcecode.swift; path = PatientCreateViewModel.swift; sourceTree = "<group>"; };
		6F0BF64D255DA191004ACD4F /* AppointmentCreateView.swift */ = {isa = PBXFileReference; lastKnownFileType = sourcecode.swift; path = AppointmentCreateView.swift; sourceTree = "<group>"; };
		6F0BF651255DA201004ACD4F /* AppointmentCreateViewModel.swift */ = {isa = PBXFileReference; lastKnownFileType = sourcecode.swift; path = AppointmentCreateViewModel.swift; sourceTree = "<group>"; };
		6F0BF655255DA48F004ACD4F /* DiagnosisCreateView.swift */ = {isa = PBXFileReference; lastKnownFileType = sourcecode.swift; path = DiagnosisCreateView.swift; sourceTree = "<group>"; };
		6F1047D925A33B5900A8341F /* IntersistititalAdView.swift */ = {isa = PBXFileReference; lastKnownFileType = sourcecode.swift; path = IntersistititalAdView.swift; sourceTree = "<group>"; };
		6F1047DC25A33DE200A8341F /* BannerAdView.swift */ = {isa = PBXFileReference; lastKnownFileType = sourcecode.swift; path = BannerAdView.swift; sourceTree = "<group>"; };
		6F1047DF25A34A4500A8341F /* RewardedVideoAd.swift */ = {isa = PBXFileReference; lastKnownFileType = sourcecode.swift; path = RewardedVideoAd.swift; sourceTree = "<group>"; };
		6F1047E225A353D800A8341F /* StoreKitConfiguration.storekit */ = {isa = PBXFileReference; lastKnownFileType = text; path = StoreKitConfiguration.storekit; sourceTree = "<group>"; };
		6F1047E325A3560300A8341F /* Store.swift */ = {isa = PBXFileReference; lastKnownFileType = sourcecode.swift; path = Store.swift; sourceTree = "<group>"; };
		6F1047E625A371E500A8341F /* PriceExtension.swift */ = {isa = PBXFileReference; lastKnownFileType = sourcecode.swift; path = PriceExtension.swift; sourceTree = "<group>"; };
		6F1A3FD425B2EF5D00EC448E /* DatePickersSection.swift */ = {isa = PBXFileReference; lastKnownFileType = sourcecode.swift; path = DatePickersSection.swift; sourceTree = "<group>"; };
		6F1A3FD725B3021E00EC448E /* ServicesSection.swift */ = {isa = PBXFileReference; lastKnownFileType = sourcecode.swift; path = ServicesSection.swift; sourceTree = "<group>"; };
		6F1A3FDA25B3028100EC448E /* SumSection.swift */ = {isa = PBXFileReference; lastKnownFileType = sourcecode.swift; path = SumSection.swift; sourceTree = "<group>"; };
		6F1A3FDD25B307F900EC448E /* DiagnosisRow.swift */ = {isa = PBXFileReference; lastKnownFileType = sourcecode.swift; path = DiagnosisRow.swift; sourceTree = "<group>"; };
		6F1D733625E6AB510008DCBF /* PageTabView.swift */ = {isa = PBXFileReference; lastKnownFileType = sourcecode.swift; path = PageTabView.swift; sourceTree = "<group>"; };
		6F1D733A25E6AC110008DCBF /* WalktroughView.swift */ = {isa = PBXFileReference; lastKnownFileType = sourcecode.swift; path = WalktroughView.swift; sourceTree = "<group>"; };
		6F1D733D25E6ADE50008DCBF /* TabDetailsView.swift */ = {isa = PBXFileReference; lastKnownFileType = sourcecode.swift; path = TabDetailsView.swift; sourceTree = "<group>"; };
		6F1D734025E6AE1F0008DCBF /* Data + Page.swift */ = {isa = PBXFileReference; lastKnownFileType = sourcecode.swift; path = "Data + Page.swift"; sourceTree = "<group>"; };
		6F1D734325E6AF770008DCBF /* ButtonsView.swift */ = {isa = PBXFileReference; lastKnownFileType = sourcecode.swift; path = ButtonsView.swift; sourceTree = "<group>"; };
		6F1E951F2664C5CA00B4D1FB /* StringExtension.swift */ = {isa = PBXFileReference; lastKnownFileType = sourcecode.swift; path = StringExtension.swift; sourceTree = "<group>"; };
		6F26F9842619D63D0039A2C8 /* GoogleSignInButton.swift */ = {isa = PBXFileReference; lastKnownFileType = sourcecode.swift; path = GoogleSignInButton.swift; sourceTree = "<group>"; };
		6F2B89AB257CCA5900D717EC /* AppointmentCalendarView.swift */ = {isa = PBXFileReference; lastKnownFileType = sourcecode.swift; path = AppointmentCalendarView.swift; sourceTree = "<group>"; };
		6F2BA5612633212800F5FB22 /* EnvironmentKeys.swift */ = {isa = PBXFileReference; lastKnownFileType = sourcecode.swift; path = EnvironmentKeys.swift; sourceTree = "<group>"; };
		6F2BA5862633280800F5FB22 /* InternetConnectionManager.swift */ = {isa = PBXFileReference; lastKnownFileType = sourcecode.swift; path = InternetConnectionManager.swift; sourceTree = "<group>"; };
		6F2FB4E0251F228600A046F9 /* LoginView.swift */ = {isa = PBXFileReference; lastKnownFileType = sourcecode.swift; path = LoginView.swift; sourceTree = "<group>"; };
		6F2FB4E3251F274C00A046F9 /* NavigationBarColor.swift */ = {isa = PBXFileReference; lastKnownFileType = sourcecode.swift; path = NavigationBarColor.swift; sourceTree = "<group>"; };
		6F2FB4E6251F2EED00A046F9 /* ContentHostingController.swift */ = {isa = PBXFileReference; lastKnownFileType = sourcecode.swift; path = ContentHostingController.swift; sourceTree = "<group>"; };
		6F2FB4F2251F3DDE00A046F9 /* RegisterView.swift */ = {isa = PBXFileReference; lastKnownFileType = sourcecode.swift; path = RegisterView.swift; sourceTree = "<group>"; };
		6F328EB5253CADE900F28F0F /* LoginViewController.swift */ = {isa = PBXFileReference; lastKnownFileType = sourcecode.swift; path = LoginViewController.swift; sourceTree = "<group>"; };
		6F328F3E253CB5CC00F28F0F /* CustomTextField.swift */ = {isa = PBXFileReference; lastKnownFileType = sourcecode.swift; path = CustomTextField.swift; sourceTree = "<group>"; };
		6F328F41253CB5DC00F28F0F /* AvatarBlock.swift */ = {isa = PBXFileReference; lastKnownFileType = sourcecode.swift; path = AvatarBlock.swift; sourceTree = "<group>"; };
		6F328F44253CB60600F28F0F /* CustomButton.swift */ = {isa = PBXFileReference; lastKnownFileType = sourcecode.swift; path = CustomButton.swift; sourceTree = "<group>"; };
		6F32DB10256417D5008EED03 /* AppointmentEditView.swift */ = {isa = PBXFileReference; lastKnownFileType = sourcecode.swift; path = AppointmentEditView.swift; sourceTree = "<group>"; };
		6F32DB13256417FD008EED03 /* AppointmentEditViewModel.swift */ = {isa = PBXFileReference; lastKnownFileType = sourcecode.swift; path = AppointmentEditViewModel.swift; sourceTree = "<group>"; };
		6F38B6E225DA3EBE003CF70C /* ImportEvents.swift */ = {isa = PBXFileReference; lastKnownFileType = sourcecode.swift; path = ImportEvents.swift; sourceTree = "<group>"; };
		6F3A1A81251911900042E7C4 /* DentistCalendar.app */ = {isa = PBXFileReference; explicitFileType = wrapper.application; includeInIndex = 0; path = DentistCalendar.app; sourceTree = BUILT_PRODUCTS_DIR; };
		6F3A1A84251911900042E7C4 /* DentistCalendarApp.swift */ = {isa = PBXFileReference; lastKnownFileType = sourcecode.swift; path = DentistCalendarApp.swift; sourceTree = "<group>"; };
		6F3A1A86251911900042E7C4 /* ContentView.swift */ = {isa = PBXFileReference; lastKnownFileType = sourcecode.swift; path = ContentView.swift; sourceTree = "<group>"; };
		6F3A1A88251911900042E7C4 /* Assets.xcassets */ = {isa = PBXFileReference; lastKnownFileType = folder.assetcatalog; path = Assets.xcassets; sourceTree = "<group>"; };
		6F3A1A8B251911900042E7C4 /* Preview Assets.xcassets */ = {isa = PBXFileReference; lastKnownFileType = folder.assetcatalog; path = "Preview Assets.xcassets"; sourceTree = "<group>"; };
		6F3A1A8D251911900042E7C4 /* Info.plist */ = {isa = PBXFileReference; lastKnownFileType = text.plist.xml; path = Info.plist; sourceTree = "<group>"; };
		6F3A2AEC25C83ACC001E91A0 /* ViewExtension.swift */ = {isa = PBXFileReference; lastKnownFileType = sourcecode.swift; path = ViewExtension.swift; sourceTree = "<group>"; };
		6F3E742C2545E5FC00410A6F /* PatientUpdateViewModel.swift */ = {isa = PBXFileReference; lastKnownFileType = sourcecode.swift; path = PatientUpdateViewModel.swift; sourceTree = "<group>"; };
		6F3E74322545EB8700410A6F /* PhoneNumberTextFieldView.swift */ = {isa = PBXFileReference; lastKnownFileType = sourcecode.swift; path = PhoneNumberTextFieldView.swift; sourceTree = "<group>"; };
		6F3F8EFF25B9DE0900C42CEE /* ForgotPasswordView.swift */ = {isa = PBXFileReference; lastKnownFileType = sourcecode.swift; path = ForgotPasswordView.swift; sourceTree = "<group>"; };
		6F3F8F0225B9E38800C42CEE /* HeplfulFunctions.swift */ = {isa = PBXFileReference; lastKnownFileType = sourcecode.swift; path = HeplfulFunctions.swift; sourceTree = "<group>"; };
		6F418C0525262FEE008FD40F /* Api.swift */ = {isa = PBXFileReference; lastKnownFileType = sourcecode.swift; path = Api.swift; sourceTree = "<group>"; };
		6F418C0825263684008FD40F /* ApiHelper.swift */ = {isa = PBXFileReference; lastKnownFileType = sourcecode.swift; path = ApiHelper.swift; sourceTree = "<group>"; };
		6F418C0F2526421C008FD40F /* LoginViewModel.swift */ = {isa = PBXFileReference; lastKnownFileType = sourcecode.swift; path = LoginViewModel.swift; sourceTree = "<group>"; };
		6F4378F125D9764300DE722C /* Event.swift */ = {isa = PBXFileReference; fileEncoding = 4; lastKnownFileType = sourcecode.swift; path = Event.swift; sourceTree = "<group>"; };
		6F4378F225D9764300DE722C /* iCal.swift */ = {isa = PBXFileReference; fileEncoding = 4; lastKnownFileType = sourcecode.swift; path = iCal.swift; sourceTree = "<group>"; };
		6F4378F425D9764400DE722C /* iCalError.swift */ = {isa = PBXFileReference; fileEncoding = 4; lastKnownFileType = sourcecode.swift; path = iCalError.swift; sourceTree = "<group>"; };
		6F4378F525D9764400DE722C /* Calendar.swift */ = {isa = PBXFileReference; fileEncoding = 4; lastKnownFileType = sourcecode.swift; path = Calendar.swift; sourceTree = "<group>"; };
		6F4378F825D9764500DE722C /* CalendarComponent.swift */ = {isa = PBXFileReference; fileEncoding = 4; lastKnownFileType = sourcecode.swift; path = CalendarComponent.swift; sourceTree = "<group>"; };
		6F4378F925D9764500DE722C /* IcsElement.swift */ = {isa = PBXFileReference; fileEncoding = 4; lastKnownFileType = sourcecode.swift; path = IcsElement.swift; sourceTree = "<group>"; };
		6F4378FB25D9764600DE722C /* Date.swift */ = {isa = PBXFileReference; fileEncoding = 4; lastKnownFileType = sourcecode.swift; path = Date.swift; sourceTree = "<group>"; };
		6F4378FC25D9764600DE722C /* String.swift */ = {isa = PBXFileReference; fileEncoding = 4; lastKnownFileType = sourcecode.swift; path = String.swift; sourceTree = "<group>"; };
		6F4378FD25D9764700DE722C /* Alarm.swift */ = {isa = PBXFileReference; fileEncoding = 4; lastKnownFileType = sourcecode.swift; path = Alarm.swift; sourceTree = "<group>"; };
		6F4378FF25D9764700DE722C /* Parser.swift */ = {isa = PBXFileReference; fileEncoding = 4; lastKnownFileType = sourcecode.swift; path = Parser.swift; sourceTree = "<group>"; };
		6F43790B25D97CDB00DE722C /* ExportDocument.swift */ = {isa = PBXFileReference; lastKnownFileType = sourcecode.swift; path = ExportDocument.swift; sourceTree = "<group>"; };
		6F4403BA2530B6740025BB9A /* PatientsListView.swift */ = {isa = PBXFileReference; lastKnownFileType = sourcecode.swift; path = PatientsListView.swift; sourceTree = "<group>"; };
		6F4403BE2530BE460025BB9A /* PatientsListRow.swift */ = {isa = PBXFileReference; lastKnownFileType = sourcecode.swift; path = PatientsListRow.swift; sourceTree = "<group>"; };
		6F457283252E1C94008B1857 /* ProfileSettingsViewModel.swift */ = {isa = PBXFileReference; lastKnownFileType = sourcecode.swift; path = ProfileSettingsViewModel.swift; sourceTree = "<group>"; };
		6F457287252E1D52008B1857 /* ProfileSettingsUserDataView.swift */ = {isa = PBXFileReference; lastKnownFileType = sourcecode.swift; path = ProfileSettingsUserDataView.swift; sourceTree = "<group>"; };
		6F4AFCE92531B9C100F842BA /* getAvatarColor.swift */ = {isa = PBXFileReference; lastKnownFileType = sourcecode.swift; path = getAvatarColor.swift; sourceTree = "<group>"; };
		6F4AFCEC2531C13600F842BA /* PatientsListViewModel.swift */ = {isa = PBXFileReference; lastKnownFileType = sourcecode.swift; path = PatientsListViewModel.swift; sourceTree = "<group>"; };
		6F4BFB302621C98E00F68689 /* ActionButton.swift */ = {isa = PBXFileReference; lastKnownFileType = sourcecode.swift; path = ActionButton.swift; sourceTree = "<group>"; };
		6F4D9E872534A80E000DAE1C /* PatientsDetailView.swift */ = {isa = PBXFileReference; lastKnownFileType = sourcecode.swift; path = PatientsDetailView.swift; sourceTree = "<group>"; };
		6F50F3462603C7FB00E740F6 /* ArrayExtension.swift */ = {isa = PBXFileReference; lastKnownFileType = sourcecode.swift; path = ArrayExtension.swift; sourceTree = "<group>"; };
		6F51126E258A7210008D6799 /* MultipleSelectionRow.swift */ = {isa = PBXFileReference; lastKnownFileType = sourcecode.swift; path = MultipleSelectionRow.swift; sourceTree = "<group>"; };
		6F55F04B2526F0340095729D /* RegisterViewModel.swift */ = {isa = PBXFileReference; lastKnownFileType = sourcecode.swift; path = RegisterViewModel.swift; sourceTree = "<group>"; };
		6F639777264D8E2C007474ED /* ModalView2.swift */ = {isa = PBXFileReference; lastKnownFileType = sourcecode.swift; path = ModalView2.swift; sourceTree = "<group>"; };
		6F65467E25527D22007F4C2D /* SessionManager.swift */ = {isa = PBXFileReference; lastKnownFileType = sourcecode.swift; path = SessionManager.swift; sourceTree = "<group>"; };
		6F65468125527EC7007F4C2D /* ConfirmationView.swift */ = {isa = PBXFileReference; lastKnownFileType = sourcecode.swift; path = ConfirmationView.swift; sourceTree = "<group>"; };
		6F6546882552C03A007F4C2D /* CodeInput.swift */ = {isa = PBXFileReference; lastKnownFileType = sourcecode.swift; path = CodeInput.swift; sourceTree = "<group>"; };
		6F65468D2552C285007F4C2D /* PassCodeInputCell.swift */ = {isa = PBXFileReference; fileEncoding = 4; lastKnownFileType = sourcecode.swift; path = PassCodeInputCell.swift; sourceTree = "<group>"; };
		6F65468E2552C285007F4C2D /* PassCodeInputModel.swift */ = {isa = PBXFileReference; fileEncoding = 4; lastKnownFileType = sourcecode.swift; path = PassCodeInputModel.swift; sourceTree = "<group>"; };
		6F67377725727DED0092B81B /* EventAddView.swift */ = {isa = PBXFileReference; lastKnownFileType = sourcecode.swift; path = EventAddView.swift; sourceTree = "<group>"; };
		6F67377A25727E830092B81B /* EventAddViewModel.swift */ = {isa = PBXFileReference; lastKnownFileType = sourcecode.swift; path = EventAddViewModel.swift; sourceTree = "<group>"; };
		6F67377D2572C1E70092B81B /* EventCalendarChooserView.swift */ = {isa = PBXFileReference; lastKnownFileType = sourcecode.swift; path = EventCalendarChooserView.swift; sourceTree = "<group>"; };
		6F69035F260BAC360019630C /* NavigationSearchBar.swift */ = {isa = PBXFileReference; lastKnownFileType = sourcecode.swift; path = NavigationSearchBar.swift; sourceTree = "<group>"; };
		6F6E04FC26654F9A0062ACE3 /* LaunchScreen.storyboard */ = {isa = PBXFileReference; lastKnownFileType = file.storyboard; path = LaunchScreen.storyboard; sourceTree = "<group>"; };
		6F70B7DE25E93DAC003A66D9 /* BillingSection.swift */ = {isa = PBXFileReference; lastKnownFileType = sourcecode.swift; path = BillingSection.swift; sourceTree = "<group>"; };
		6F780F52266104460067F2CC /* GoogleService-Info.plist */ = {isa = PBXFileReference; fileEncoding = 4; lastKnownFileType = text.plist.xml; path = "GoogleService-Info.plist"; sourceTree = "<group>"; };
		6F78213E2667FE2B00480151 /* ForeachExtension.swift */ = {isa = PBXFileReference; lastKnownFileType = sourcecode.swift; path = ForeachExtension.swift; sourceTree = "<group>"; };
		6F795F26257A53620013E2BB /* Enums.swift */ = {isa = PBXFileReference; lastKnownFileType = sourcecode.swift; path = Enums.swift; sourceTree = "<group>"; };
		6F7CE316255FC6A700D8D521 /* DiagnosisModel.xcdatamodel */ = {isa = PBXFileReference; lastKnownFileType = wrapper.xcdatamodel; path = DiagnosisModel.xcdatamodel; sourceTree = "<group>"; };
		6F7CE319255FC76E00D8D521 /* Persistence.swift */ = {isa = PBXFileReference; lastKnownFileType = sourcecode.swift; path = Persistence.swift; sourceTree = "<group>"; };
		6F7CE31C255FCE5500D8D521 /* AlertControlView.swift */ = {isa = PBXFileReference; lastKnownFileType = sourcecode.swift; path = AlertControlView.swift; sourceTree = "<group>"; };
		6F7CE320255FE2D300D8D521 /* SearchBar.swift */ = {isa = PBXFileReference; lastKnownFileType = sourcecode.swift; path = SearchBar.swift; sourceTree = "<group>"; };
		6F7CE324255FE2E400D8D521 /* ViewControllerResolver.swift */ = {isa = PBXFileReference; lastKnownFileType = sourcecode.swift; path = ViewControllerResolver.swift; sourceTree = "<group>"; };
		6F7ECB5925EB89D30002B91A /* CodeView.swift */ = {isa = PBXFileReference; lastKnownFileType = sourcecode.swift; path = CodeView.swift; sourceTree = "<group>"; };
		6F7ECB5C25EB89FF0002B91A /* CodeInputView.swift */ = {isa = PBXFileReference; lastKnownFileType = sourcecode.swift; path = CodeInputView.swift; sourceTree = "<group>"; };
		6F81973D25B2CE8A00022321 /* EventKit.framework */ = {isa = PBXFileReference; lastKnownFileType = wrapper.framework; name = EventKit.framework; path = System/Library/Frameworks/EventKit.framework; sourceTree = SDKROOT; };
		6F81973E25B2CE8A00022321 /* EventKitUI.framework */ = {isa = PBXFileReference; lastKnownFileType = wrapper.framework; name = EventKitUI.framework; path = System/Library/Frameworks/EventKitUI.framework; sourceTree = SDKROOT; };
		6F81974125B2CEA200022321 /* CoreTelephony.framework */ = {isa = PBXFileReference; lastKnownFileType = wrapper.framework; name = CoreTelephony.framework; path = System/Library/Frameworks/CoreTelephony.framework; sourceTree = SDKROOT; };
		6F81974325B2CEF700022321 /* AdSupport.framework */ = {isa = PBXFileReference; lastKnownFileType = wrapper.framework; name = AdSupport.framework; path = System/Library/Frameworks/AdSupport.framework; sourceTree = SDKROOT; };
		6F81974525B2CF0300022321 /* AudioToolbox.framework */ = {isa = PBXFileReference; lastKnownFileType = wrapper.framework; name = AudioToolbox.framework; path = System/Library/Frameworks/AudioToolbox.framework; sourceTree = SDKROOT; };
		6F81974725B2CF0600022321 /* AVFoundation.framework */ = {isa = PBXFileReference; lastKnownFileType = wrapper.framework; name = AVFoundation.framework; path = System/Library/Frameworks/AVFoundation.framework; sourceTree = SDKROOT; };
		6F81974925B2CF1000022321 /* CoreGraphics.framework */ = {isa = PBXFileReference; lastKnownFileType = wrapper.framework; name = CoreGraphics.framework; path = System/Library/Frameworks/CoreGraphics.framework; sourceTree = SDKROOT; };
		6F81974B25B2CF1E00022321 /* SystemConfiguration.framework */ = {isa = PBXFileReference; lastKnownFileType = wrapper.framework; name = SystemConfiguration.framework; path = System/Library/Frameworks/SystemConfiguration.framework; sourceTree = SDKROOT; };
		6F81976925B2CFAF00022321 /* MessageUI.framework */ = {isa = PBXFileReference; lastKnownFileType = wrapper.framework; name = MessageUI.framework; path = System/Library/Frameworks/MessageUI.framework; sourceTree = SDKROOT; };
		6F81976B25B2CFB600022321 /* StoreKit.framework */ = {isa = PBXFileReference; lastKnownFileType = wrapper.framework; name = StoreKit.framework; path = System/Library/Frameworks/StoreKit.framework; sourceTree = SDKROOT; };
		6F81976D25B2CFCA00022321 /* CFNetwork.framework */ = {isa = PBXFileReference; lastKnownFileType = wrapper.framework; name = CFNetwork.framework; path = System/Library/Frameworks/CFNetwork.framework; sourceTree = SDKROOT; };
		6F81976F25B2CFDD00022321 /* GLKit.framework */ = {isa = PBXFileReference; lastKnownFileType = wrapper.framework; name = GLKit.framework; path = System/Library/Frameworks/GLKit.framework; sourceTree = SDKROOT; };
		6F81977425B2EC8700022321 /* PickerCalendarSection.swift */ = {isa = PBXFileReference; lastKnownFileType = sourcecode.swift; path = PickerCalendarSection.swift; sourceTree = "<group>"; };
		6F81977925B2ECEA00022321 /* PatientCreateSection.swift */ = {isa = PBXFileReference; lastKnownFileType = sourcecode.swift; path = PatientCreateSection.swift; sourceTree = "<group>"; };
		6F853B3825BB4EDB0063FBBC /* ModalView.swift */ = {isa = PBXFileReference; lastKnownFileType = sourcecode.swift; path = ModalView.swift; sourceTree = "<group>"; };
		6F8581B825D43E1900E7BF1F /* KeyboardAwareModifier.swift */ = {isa = PBXFileReference; lastKnownFileType = sourcecode.swift; path = KeyboardAwareModifier.swift; sourceTree = "<group>"; };
		6F8581B925D43E2700E7BF1F /* KeyboardAdaptive.swift */ = {isa = PBXFileReference; fileEncoding = 4; lastKnownFileType = sourcecode.swift; path = KeyboardAdaptive.swift; sourceTree = "<group>"; };
		6F8581BA25D43E2800E7BF1F /* UIResponder+Current.swift */ = {isa = PBXFileReference; fileEncoding = 4; lastKnownFileType = sourcecode.swift; path = "UIResponder+Current.swift"; sourceTree = "<group>"; };
		6F8581BB25D43E2800E7BF1F /* KeyboardHeightPublisher.swift */ = {isa = PBXFileReference; fileEncoding = 4; lastKnownFileType = sourcecode.swift; path = KeyboardHeightPublisher.swift; sourceTree = "<group>"; };
		6F8581D225D451E700E7BF1F /* ExportEvents.swift */ = {isa = PBXFileReference; lastKnownFileType = sourcecode.swift; path = ExportEvents.swift; sourceTree = "<group>"; };
		6F87E88B25A2F521000B4834 /* UnifiedNativeAdView.xib */ = {isa = PBXFileReference; lastKnownFileType = file.xib; path = UnifiedNativeAdView.xib; sourceTree = "<group>"; };
		6F97FA302542A738004750BF /* PatientUpdateView.swift */ = {isa = PBXFileReference; lastKnownFileType = sourcecode.swift; path = PatientUpdateView.swift; sourceTree = "<group>"; };
		6FA69269252B60F500711A88 /* ProfileSettingsView.swift */ = {isa = PBXFileReference; lastKnownFileType = sourcecode.swift; path = ProfileSettingsView.swift; sourceTree = "<group>"; };
		6FA795D92592658100992EAE /* ServiceList.swift */ = {isa = PBXFileReference; lastKnownFileType = sourcecode.swift; path = ServiceList.swift; sourceTree = "<group>"; };
		6FAE12C225555DF4004B6EAB /* Patient+Extensions.swift */ = {isa = PBXFileReference; lastKnownFileType = sourcecode.swift; path = "Patient+Extensions.swift"; sourceTree = "<group>"; };
		6FB5F05025D04B7000FF24B8 /* Alert.swift */ = {isa = PBXFileReference; lastKnownFileType = sourcecode.swift; path = Alert.swift; sourceTree = "<group>"; };
		6FB5F0D425D05B6500FF24B8 /* AppDelegate.swift */ = {isa = PBXFileReference; lastKnownFileType = sourcecode.swift; path = AppDelegate.swift; sourceTree = "<group>"; };
		6FC9022A25A21EEC0043A70F /* BuySubscriptionView.swift */ = {isa = PBXFileReference; lastKnownFileType = sourcecode.swift; path = BuySubscriptionView.swift; sourceTree = "<group>"; };
		6FC9024825A23BD70043A70F /* GoogleAdsVariables + Constants.swift */ = {isa = PBXFileReference; lastKnownFileType = sourcecode.swift; path = "GoogleAdsVariables + Constants.swift"; sourceTree = "<group>"; };
		6FC9024C25A23EEE0043A70F /* NativeAdView.swift */ = {isa = PBXFileReference; lastKnownFileType = sourcecode.swift; path = NativeAdView.swift; sourceTree = "<group>"; };
		6FCC65CC257E7E9300505115 /* AppointmentCalendarViewModel.swift */ = {isa = PBXFileReference; lastKnownFileType = sourcecode.swift; path = AppointmentCalendarViewModel.swift; sourceTree = "<group>"; };
		6FD57D56253C3D5E00C64847 /* CalendarKitViewController.swift */ = {isa = PBXFileReference; lastKnownFileType = sourcecode.swift; path = CalendarKitViewController.swift; sourceTree = "<group>"; };
		6FD57D5D253C3F8100C64847 /* DateControllerDelegaet.swift */ = {isa = PBXFileReference; lastKnownFileType = sourcecode.swift; path = DateControllerDelegaet.swift; sourceTree = "<group>"; };
		6FD57D60253C413500C64847 /* TimeChunk.swift */ = {isa = PBXFileReference; lastKnownFileType = sourcecode.swift; path = TimeChunk.swift; sourceTree = "<group>"; };
		6FD82A6E25B45C06004D22C3 /* WebKit.framework */ = {isa = PBXFileReference; lastKnownFileType = wrapper.framework; name = WebKit.framework; path = System/Library/Frameworks/WebKit.framework; sourceTree = SDKROOT; };
		6FD91C27252F600E00231625 /* getTokens.swift */ = {isa = PBXFileReference; lastKnownFileType = sourcecode.swift; path = getTokens.swift; sourceTree = "<group>"; };
		6FDAD3772631DEBA00CA5AA5 /* OnBoardingView.swift */ = {isa = PBXFileReference; lastKnownFileType = sourcecode.swift; path = OnBoardingView.swift; sourceTree = "<group>"; };
		6FE422582589250200E62B55 /* DatePickerModalView.swift */ = {isa = PBXFileReference; lastKnownFileType = sourcecode.swift; path = DatePickerModalView.swift; sourceTree = "<group>"; };
		6FE9253C253F54FC00E5BEB6 /* PatientDetailCard.swift */ = {isa = PBXFileReference; lastKnownFileType = sourcecode.swift; path = PatientDetailCard.swift; sourceTree = "<group>"; };
		6FE9D2E72541E20400F1C74A /* FloatingButton.swift */ = {isa = PBXFileReference; lastKnownFileType = sourcecode.swift; path = FloatingButton.swift; sourceTree = "<group>"; };
		6FE9D2EE2541EA2700F1C74A /* RefreshScrollView.swift */ = {isa = PBXFileReference; lastKnownFileType = sourcecode.swift; path = RefreshScrollView.swift; sourceTree = "<group>"; };
		6FEB49EB267B38D800923E37 /* schema.graphql */ = {isa = PBXFileReference; lastKnownFileType = file; name = schema.graphql; path = amplify/backend/api/dentor/schema.graphql; sourceTree = SOURCE_ROOT; };
		6FEF93472670C3E100693408 /* HalfModalView.swift */ = {isa = PBXFileReference; fileEncoding = 4; lastKnownFileType = sourcecode.swift; name = HalfModalView.swift; path = "../../../../../Downloads/HalfModal_Tutorial-2/Drag and Drop File/HalfModalView.swift"; sourceTree = "<group>"; };
		6FF64EF6251E34D70094C0E0 /* CalendarDayView.swift */ = {isa = PBXFileReference; lastKnownFileType = sourcecode.swift; path = CalendarDayView.swift; sourceTree = "<group>"; };
		6FF64EFD251E3A9E0094C0E0 /* events.json */ = {isa = PBXFileReference; lastKnownFileType = text.json; path = events.json; sourceTree = "<group>"; };
		6FF64F01251E3CBE0094C0E0 /* Color.swift */ = {isa = PBXFileReference; lastKnownFileType = sourcecode.swift; path = Color.swift; sourceTree = "<group>"; };
		6FF64F05251E44580094C0E0 /* Item.swift */ = {isa = PBXFileReference; lastKnownFileType = sourcecode.swift; path = Item.swift; sourceTree = "<group>"; };
		783B8691C6F843B193118D04 /* AmplifyModels.swift */ = {isa = PBXFileReference; explicitFileType = undefined; fileEncoding = 4; includeInIndex = 0; lastKnownFileType = sourcecode.swift; name = AmplifyModels.swift; path = amplify/generated/models/AmplifyModels.swift; sourceTree = "<group>"; };
		8B07802996364501A49A55CA /* amplifytools.xcconfig */ = {isa = PBXFileReference; explicitFileType = undefined; fileEncoding = 4; includeInIndex = 0; lastKnownFileType = text.xcconfig; path = amplifytools.xcconfig; sourceTree = "<group>"; };
		B814CE8A877F4ED3836E7164 /* Appointment.swift */ = {isa = PBXFileReference; explicitFileType = undefined; fileEncoding = 4; includeInIndex = 0; lastKnownFileType = sourcecode.swift; name = Appointment.swift; path = amplify/generated/models/Appointment.swift; sourceTree = "<group>"; };
		B987DF415C0C490B9BCEE739 /* Patient+Schema.swift */ = {isa = PBXFileReference; explicitFileType = undefined; fileEncoding = 4; includeInIndex = 0; lastKnownFileType = sourcecode.swift; name = "Patient+Schema.swift"; path = "amplify/generated/models/Patient+Schema.swift"; sourceTree = "<group>"; };
		CE282996B18331B02EFFC969 /* Pods-DentistCalendar.release.xcconfig */ = {isa = PBXFileReference; includeInIndex = 1; lastKnownFileType = text.xcconfig; name = "Pods-DentistCalendar.release.xcconfig"; path = "Target Support Files/Pods-DentistCalendar/Pods-DentistCalendar.release.xcconfig"; sourceTree = "<group>"; };
		D3A72237A0EF3FC9EE8AF5C7 /* Pods-DentistCalendar.debug.xcconfig */ = {isa = PBXFileReference; includeInIndex = 1; lastKnownFileType = text.xcconfig; name = "Pods-DentistCalendar.debug.xcconfig"; path = "Target Support Files/Pods-DentistCalendar/Pods-DentistCalendar.debug.xcconfig"; sourceTree = "<group>"; };
		F10EAB35A8CF1DAEAC01182F /* Pods_DentistCalendar.framework */ = {isa = PBXFileReference; explicitFileType = wrapper.framework; includeInIndex = 0; path = Pods_DentistCalendar.framework; sourceTree = BUILT_PRODUCTS_DIR; };
		FB8469FF862A4498AD9DFA46 /* Appointment+Schema.swift */ = {isa = PBXFileReference; explicitFileType = undefined; fileEncoding = 4; includeInIndex = 0; lastKnownFileType = sourcecode.swift; name = "Appointment+Schema.swift"; path = "amplify/generated/models/Appointment+Schema.swift"; sourceTree = "<group>"; };
/* End PBXFileReference section */

/* Begin PBXFrameworksBuildPhase section */
		6F3A1A7E2519118F0042E7C4 /* Frameworks */ = {
			isa = PBXFrameworksBuildPhase;
			buildActionMask = 2147483647;
			files = (
				6FB8DC5125D19A1E00A04107 /* SPAlert in Frameworks */,
				6FD82A6F25B45C06004D22C3 /* WebKit.framework in Frameworks */,
				6F81976E25B2CFCA00022321 /* CFNetwork.framework in Frameworks */,
				6FDAD37C2631E80300CA5AA5 /* SwiftUIX in Frameworks */,
				6F81976A25B2CFAF00022321 /* MessageUI.framework in Frameworks */,
				6F81974A25B2CF1000022321 /* CoreGraphics.framework in Frameworks */,
				6F81974C25B2CF1E00022321 /* SystemConfiguration.framework in Frameworks */,
				6F81974825B2CF0600022321 /* AVFoundation.framework in Frameworks */,
				6F81974425B2CEF700022321 /* AdSupport.framework in Frameworks */,
				6F81974225B2CEA200022321 /* CoreTelephony.framework in Frameworks */,
				6F81973F25B2CE8A00022321 /* EventKit.framework in Frameworks */,
				6F81974025B2CE8A00022321 /* EventKitUI.framework in Frameworks */,
				6F2149EF25B9FA12006B57F3 /* Introspect in Frameworks */,
				B92B00613123FD28FAED51F3 /* Pods_DentistCalendar.framework in Frameworks */,
			);
			runOnlyForDeploymentPostprocessing = 0;
		};
/* End PBXFrameworksBuildPhase section */

/* Begin PBXGroup section */
		6F05F3B7257946E40099BB94 /* AmplifyConfig */ = {
			isa = PBXGroup;
			children = (
				6FEB49EB267B38D800923E37 /* schema.graphql */,
				6F05F3CA257947410099BB94 /* amplifyconfiguration.json */,
				6F05F3CB257947410099BB94 /* awsconfiguration.json */,
				8B07802996364501A49A55CA /* amplifytools.xcconfig */,
			);
			path = AmplifyConfig;
			sourceTree = "<group>";
		};
		6F0BF64C255DA181004ACD4F /* Appointments */ = {
			isa = PBXGroup;
			children = (
				6F0BF64D255DA191004ACD4F /* AppointmentCreateView.swift */,
				6F0BF655255DA48F004ACD4F /* DiagnosisCreateView.swift */,
				6F32DB10256417D5008EED03 /* AppointmentEditView.swift */,
				6F2B89AB257CCA5900D717EC /* AppointmentCalendarView.swift */,
			);
			path = Appointments;
			sourceTree = "<group>";
		};
		6F1D733525E6AAF80008DCBF /* Walkthrough screens */ = {
			isa = PBXGroup;
			children = (
				6F1D733625E6AB510008DCBF /* PageTabView.swift */,
				6F1D733A25E6AC110008DCBF /* WalktroughView.swift */,
				6F1D733D25E6ADE50008DCBF /* TabDetailsView.swift */,
				6F1D734025E6AE1F0008DCBF /* Data + Page.swift */,
				6F1D734325E6AF770008DCBF /* ButtonsView.swift */,
				6FDAD3772631DEBA00CA5AA5 /* OnBoardingView.swift */,
			);
			path = "Walkthrough screens";
			sourceTree = "<group>";
		};
		6F2FB4D9251F223600A046F9 /* Model */ = {
			isa = PBXGroup;
			children = (
				6F418C0525262FEE008FD40F /* Api.swift */,
				6FD91C27252F600E00231625 /* getTokens.swift */,
				6FAE12C225555DF4004B6EAB /* Patient+Extensions.swift */,
				6F7CE315255FC6A700D8D521 /* DiagnosisModel.xcdatamodeld */,
				6F43790B25D97CDB00DE722C /* ExportDocument.swift */,
				6F2BA5862633280800F5FB22 /* InternetConnectionManager.swift */,
			);
			path = Model;
			sourceTree = "<group>";
		};
		6F2FB4DA251F223C00A046F9 /* ModelView */ = {
			isa = PBXGroup;
			children = (
				6F418C0F2526421C008FD40F /* LoginViewModel.swift */,
				6F457283252E1C94008B1857 /* ProfileSettingsViewModel.swift */,
				6F55F04B2526F0340095729D /* RegisterViewModel.swift */,
				6F4AFCEC2531C13600F842BA /* PatientsListViewModel.swift */,
				6F02155725409D6200F2DFBE /* PatientDetailViewModel.swift */,
				6F3E742C2545E5FC00410A6F /* PatientUpdateViewModel.swift */,
				6F0BF649255D8DE8004ACD4F /* PatientCreateViewModel.swift */,
				6F0BF651255DA201004ACD4F /* AppointmentCreateViewModel.swift */,
				6F32DB13256417FD008EED03 /* AppointmentEditViewModel.swift */,
				6F67377A25727E830092B81B /* EventAddViewModel.swift */,
				6FCC65CC257E7E9300505115 /* AppointmentCalendarViewModel.swift */,
			);
			path = ModelView;
			sourceTree = "<group>";
		};
		6F328EB4253CADD900F28F0F /* ViewController */ = {
			isa = PBXGroup;
			children = (
				6F328EB5253CADE900F28F0F /* LoginViewController.swift */,
			);
			path = ViewController;
			sourceTree = "<group>";
		};
		6F328F3D253CB5B900F28F0F /* Components */ = {
			isa = PBXGroup;
			children = (
				6F7CE31F255FE2C300D8D521 /* SearchBar */,
				6F65468B2552C278007F4C2D /* PassCode */,
				6F328F3E253CB5CC00F28F0F /* CustomTextField.swift */,
				6F328F41253CB5DC00F28F0F /* AvatarBlock.swift */,
				6F328F44253CB60600F28F0F /* CustomButton.swift */,
				6FE9253C253F54FC00E5BEB6 /* PatientDetailCard.swift */,
				6FE9D2E72541E20400F1C74A /* FloatingButton.swift */,
				6FE9D2EE2541EA2700F1C74A /* RefreshScrollView.swift */,
				6F3E74322545EB8700410A6F /* PhoneNumberTextFieldView.swift */,
				6F6546882552C03A007F4C2D /* CodeInput.swift */,
				6F51126E258A7210008D6799 /* MultipleSelectionRow.swift */,
				6FA795D92592658100992EAE /* ServiceList.swift */,
				6F853B3825BB4EDB0063FBBC /* ModalView.swift */,
				6F4BFB302621C98E00F68689 /* ActionButton.swift */,
				6F639777264D8E2C007474ED /* ModalView2.swift */,
			);
			path = Components;
			sourceTree = "<group>";
		};
		6F3A1A782519118F0042E7C4 = {
			isa = PBXGroup;
			children = (
				E4D84D8A7EA54BAF91D48368 /* AmplifyModels */,
				6F0B35AA25AF650600E7C722 /* Localizable.strings */,
				6F05F3B7257946E40099BB94 /* AmplifyConfig */,
				6F3A1A83251911900042E7C4 /* DentistCalendar */,
				6F3A1A82251911900042E7C4 /* Products */,
				BA77E1F1431B68D974FF156D /* Pods */,
				76A24443FC2B74DB6A077BE5 /* Frameworks */,
			);
			sourceTree = "<group>";
		};
		6F3A1A82251911900042E7C4 /* Products */ = {
			isa = PBXGroup;
			children = (
				6F3A1A81251911900042E7C4 /* DentistCalendar.app */,
			);
			name = Products;
			sourceTree = "<group>";
		};
		6F3A1A83251911900042E7C4 /* DentistCalendar */ = {
			isa = PBXGroup;
			children = (
				6F032150257FE36900E3F91D /* DentistCalendar.entitlements */,
				6F328F3D253CB5B900F28F0F /* Components */,
				6F328EB4253CADD900F28F0F /* ViewController */,
				6F2FB4DA251F223C00A046F9 /* ModelView */,
				6F2FB4D9251F223600A046F9 /* Model */,
				6FF64F00251E3CAF0094C0E0 /* Extensions */,
				6FF64EF5251E34AF0094C0E0 /* Views */,
				6F81977325B2EC6E00022321 /* SubViews */,
				6F3A1A86251911900042E7C4 /* ContentView.swift */,
				6F3A1A84251911900042E7C4 /* DentistCalendarApp.swift */,
				6F6E04FC26654F9A0062ACE3 /* LaunchScreen.storyboard */,
				6F3A1A88251911900042E7C4 /* Assets.xcassets */,
				6F3A1A8D251911900042E7C4 /* Info.plist */,
				6F3A1A8A251911900042E7C4 /* Preview Content */,
				6FF64EFD251E3A9E0094C0E0 /* events.json */,
				6F65467E25527D22007F4C2D /* SessionManager.swift */,
				6F780F52266104460067F2CC /* GoogleService-Info.plist */,
			);
			path = DentistCalendar;
			sourceTree = "<group>";
		};
		6F3A1A8A251911900042E7C4 /* Preview Content */ = {
			isa = PBXGroup;
			children = (
				6F3A1A8B251911900042E7C4 /* Preview Assets.xcassets */,
			);
			path = "Preview Content";
			sourceTree = "<group>";
		};
		6F3F8EFE25B9DDEB00C42CEE /* Authentication */ = {
			isa = PBXGroup;
			children = (
				6F2FB4E0251F228600A046F9 /* LoginView.swift */,
				6F2FB4F2251F3DDE00A046F9 /* RegisterView.swift */,
				6F65468125527EC7007F4C2D /* ConfirmationView.swift */,
				6F3F8EFF25B9DE0900C42CEE /* ForgotPasswordView.swift */,
				6F26F9842619D63D0039A2C8 /* GoogleSignInButton.swift */,
			);
			path = Authentication;
			sourceTree = "<group>";
		};
		6F4378F325D9764400DE722C /* Enums */ = {
			isa = PBXGroup;
			children = (
				6F4378F425D9764400DE722C /* iCalError.swift */,
			);
			path = Enums;
			sourceTree = "<group>";
		};
		6F4378F725D9764500DE722C /* Protocols */ = {
			isa = PBXGroup;
			children = (
				6F4378F825D9764500DE722C /* CalendarComponent.swift */,
				6F4378F925D9764500DE722C /* IcsElement.swift */,
			);
			path = Protocols;
			sourceTree = "<group>";
		};
		6F4378FA25D9764600DE722C /* Extensions */ = {
			isa = PBXGroup;
			children = (
				6F4378FB25D9764600DE722C /* Date.swift */,
				6F4378FC25D9764600DE722C /* String.swift */,
			);
			path = Extensions;
			sourceTree = "<group>";
		};
		6F4403BD2530BE380025BB9A /* Patients */ = {
			isa = PBXGroup;
			children = (
				6F4403BA2530B6740025BB9A /* PatientsListView.swift */,
				6F4403BE2530BE460025BB9A /* PatientsListRow.swift */,
				6F4D9E872534A80E000DAE1C /* PatientsDetailView.swift */,
				6F97FA302542A738004750BF /* PatientUpdateView.swift */,
				6F0BF646255D8D69004ACD4F /* PatientCreateView.swift */,
			);
			path = Patients;
			sourceTree = "<group>";
		};
		6F457286252E1D2E008B1857 /* ProfileSettings */ = {
			isa = PBXGroup;
			children = (
				6FA69269252B60F500711A88 /* ProfileSettingsView.swift */,
				6F457287252E1D52008B1857 /* ProfileSettingsUserDataView.swift */,
				6F67377725727DED0092B81B /* EventAddView.swift */,
				6F67377D2572C1E70092B81B /* EventCalendarChooserView.swift */,
			);
			path = ProfileSettings;
			sourceTree = "<group>";
		};
		6F65468B2552C278007F4C2D /* PassCode */ = {
			isa = PBXGroup;
			children = (
				6F65468D2552C285007F4C2D /* PassCodeInputCell.swift */,
				6F65468E2552C285007F4C2D /* PassCodeInputModel.swift */,
				6F7ECB5925EB89D30002B91A /* CodeView.swift */,
				6F7ECB5C25EB89FF0002B91A /* CodeInputView.swift */,
			);
			path = PassCode;
			sourceTree = "<group>";
		};
		6F7CE31F255FE2C300D8D521 /* SearchBar */ = {
			isa = PBXGroup;
			children = (
				6F7CE320255FE2D300D8D521 /* SearchBar.swift */,
				6F7CE324255FE2E400D8D521 /* ViewControllerResolver.swift */,
			);
			path = SearchBar;
			sourceTree = "<group>";
		};
		6F81977325B2EC6E00022321 /* SubViews */ = {
			isa = PBXGroup;
			children = (
				6F81977825B2ECB100022321 /* AppointmentCreate */,
				6F1A3FDD25B307F900EC448E /* DiagnosisRow.swift */,
			);
			path = SubViews;
			sourceTree = "<group>";
		};
		6F81977825B2ECB100022321 /* AppointmentCreate */ = {
			isa = PBXGroup;
			children = (
				6F81977425B2EC8700022321 /* PickerCalendarSection.swift */,
				6F81977925B2ECEA00022321 /* PatientCreateSection.swift */,
				6F1A3FD425B2EF5D00EC448E /* DatePickersSection.swift */,
				6F1A3FD725B3021E00EC448E /* ServicesSection.swift */,
				6F1A3FDA25B3028100EC448E /* SumSection.swift */,
				6F70B7DE25E93DAC003A66D9 /* BillingSection.swift */,
			);
			path = AppointmentCreate;
			sourceTree = "<group>";
		};
		6F8581B725D43E1300E7BF1F /* KeyboardAvoidance */ = {
			isa = PBXGroup;
			children = (
				6F8581B925D43E2700E7BF1F /* KeyboardAdaptive.swift */,
				6F8581BB25D43E2800E7BF1F /* KeyboardHeightPublisher.swift */,
				6F8581BA25D43E2800E7BF1F /* UIResponder+Current.swift */,
				6F8581B825D43E1900E7BF1F /* KeyboardAwareModifier.swift */,
			);
			path = KeyboardAvoidance;
			sourceTree = "<group>";
		};
		6F8581C325D451A600E7BF1F /* ICS Handler */ = {
			isa = PBXGroup;
			children = (
				6F4378FD25D9764700DE722C /* Alarm.swift */,
				6F4378F525D9764400DE722C /* Calendar.swift */,
				6F4378F325D9764400DE722C /* Enums */,
				6F4378F125D9764300DE722C /* Event.swift */,
				6F4378FA25D9764600DE722C /* Extensions */,
				6F4378F225D9764300DE722C /* iCal.swift */,
				6F4378FF25D9764700DE722C /* Parser.swift */,
				6F4378F725D9764500DE722C /* Protocols */,
			);
			path = "ICS Handler";
			sourceTree = "<group>";
		};
		6F8581D125D451CD00E7BF1F /* Calendar ICS */ = {
			isa = PBXGroup;
			children = (
				6F8581D225D451E700E7BF1F /* ExportEvents.swift */,
				6F38B6E225DA3EBE003CF70C /* ImportEvents.swift */,
			);
			path = "Calendar ICS";
			sourceTree = "<group>";
		};
		6FC9022925A21ED00043A70F /* Subscriptions + Ads */ = {
			isa = PBXGroup;
			children = (
				6FC9022A25A21EEC0043A70F /* BuySubscriptionView.swift */,
				6FC9024C25A23EEE0043A70F /* NativeAdView.swift */,
				6F87E88B25A2F521000B4834 /* UnifiedNativeAdView.xib */,
				6F1047D925A33B5900A8341F /* IntersistititalAdView.swift */,
				6F1047DC25A33DE200A8341F /* BannerAdView.swift */,
				6F1047DF25A34A4500A8341F /* RewardedVideoAd.swift */,
				6F1047E225A353D800A8341F /* StoreKitConfiguration.storekit */,
				6F1047E325A3560300A8341F /* Store.swift */,
				6F1047E625A371E500A8341F /* PriceExtension.swift */,
			);
			path = "Subscriptions + Ads";
			sourceTree = "<group>";
		};
		6FF64EF5251E34AF0094C0E0 /* Views */ = {
			isa = PBXGroup;
			children = (
				6F1D733525E6AAF80008DCBF /* Walkthrough screens */,
				6F8581D125D451CD00E7BF1F /* Calendar ICS */,
				6F3F8EFE25B9DDEB00C42CEE /* Authentication */,
				6FC9022925A21ED00043A70F /* Subscriptions + Ads */,
				6F0BF64C255DA181004ACD4F /* Appointments */,
				6F457286252E1D2E008B1857 /* ProfileSettings */,
				6F4403BD2530BE380025BB9A /* Patients */,
				6FF64EF6251E34D70094C0E0 /* CalendarDayView.swift */,
				6FD57D56253C3D5E00C64847 /* CalendarKitViewController.swift */,
				6FD57D5D253C3F8100C64847 /* DateControllerDelegaet.swift */,
				6FD57D60253C413500C64847 /* TimeChunk.swift */,
				6FE422582589250200E62B55 /* DatePickerModalView.swift */,
				6FEF93472670C3E100693408 /* HalfModalView.swift */,
			);
			path = Views;
			sourceTree = "<group>";
		};
		6FF64F00251E3CAF0094C0E0 /* Extensions */ = {
			isa = PBXGroup;
			children = (
				6F8581C325D451A600E7BF1F /* ICS Handler */,
				6F8581B725D43E1300E7BF1F /* KeyboardAvoidance */,
				6FF64F01251E3CBE0094C0E0 /* Color.swift */,
				6FF64F05251E44580094C0E0 /* Item.swift */,
				6F2FB4E3251F274C00A046F9 /* NavigationBarColor.swift */,
				6F2FB4E6251F2EED00A046F9 /* ContentHostingController.swift */,
				6F418C0825263684008FD40F /* ApiHelper.swift */,
				6F4AFCE92531B9C100F842BA /* getAvatarColor.swift */,
				6F7CE319255FC76E00D8D521 /* Persistence.swift */,
				6F7CE31C255FCE5500D8D521 /* AlertControlView.swift */,
				6F795F26257A53620013E2BB /* Enums.swift */,
				6FC9024825A23BD70043A70F /* GoogleAdsVariables + Constants.swift */,
				6F3F8F0225B9E38800C42CEE /* HeplfulFunctions.swift */,
				6F3A2AEC25C83ACC001E91A0 /* ViewExtension.swift */,
				6FB5F05025D04B7000FF24B8 /* Alert.swift */,
				6FB5F0D425D05B6500FF24B8 /* AppDelegate.swift */,
				6F50F3462603C7FB00E740F6 /* ArrayExtension.swift */,
				6F69035F260BAC360019630C /* NavigationSearchBar.swift */,
				6F2BA5612633212800F5FB22 /* EnvironmentKeys.swift */,
				6F1E951F2664C5CA00B4D1FB /* StringExtension.swift */,
				6F78213E2667FE2B00480151 /* ForeachExtension.swift */,
			);
			path = Extensions;
			sourceTree = "<group>";
		};
		76A24443FC2B74DB6A077BE5 /* Frameworks */ = {
			isa = PBXGroup;
			children = (
				6FD82A6E25B45C06004D22C3 /* WebKit.framework */,
				6F81976F25B2CFDD00022321 /* GLKit.framework */,
				6F81976D25B2CFCA00022321 /* CFNetwork.framework */,
				6F81976B25B2CFB600022321 /* StoreKit.framework */,
				6F81976925B2CFAF00022321 /* MessageUI.framework */,
				6F81974B25B2CF1E00022321 /* SystemConfiguration.framework */,
				6F81974925B2CF1000022321 /* CoreGraphics.framework */,
				6F81974725B2CF0600022321 /* AVFoundation.framework */,
				6F81974525B2CF0300022321 /* AudioToolbox.framework */,
				6F81974325B2CEF700022321 /* AdSupport.framework */,
				6F81974125B2CEA200022321 /* CoreTelephony.framework */,
				6F81973D25B2CE8A00022321 /* EventKit.framework */,
				6F81973E25B2CE8A00022321 /* EventKitUI.framework */,
				F10EAB35A8CF1DAEAC01182F /* Pods_DentistCalendar.framework */,
			);
			name = Frameworks;
			sourceTree = "<group>";
		};
		BA77E1F1431B68D974FF156D /* Pods */ = {
			isa = PBXGroup;
			children = (
				D3A72237A0EF3FC9EE8AF5C7 /* Pods-DentistCalendar.debug.xcconfig */,
				CE282996B18331B02EFFC969 /* Pods-DentistCalendar.release.xcconfig */,
			);
			path = Pods;
			sourceTree = "<group>";
		};
		E4D84D8A7EA54BAF91D48368 /* AmplifyModels */ = {
			isa = PBXGroup;
			children = (
				783B8691C6F843B193118D04 /* AmplifyModels.swift */,
				B814CE8A877F4ED3836E7164 /* Appointment.swift */,
				FB8469FF862A4498AD9DFA46 /* Appointment+Schema.swift */,
				15342B5A8A894B0292EAE456 /* Patient.swift */,
				B987DF415C0C490B9BCEE739 /* Patient+Schema.swift */,
				24BA8390FFFB4F87A079E7DD /* Payment.swift */,
				4C27F6BAA9004E0DA23B2142 /* Payment+Schema.swift */,
			);
			name = AmplifyModels;
			path = .;
			sourceTree = "<group>";
		};
/* End PBXGroup section */

/* Begin PBXNativeTarget section */
		6F3A1A802519118F0042E7C4 /* DentistCalendar */ = {
			isa = PBXNativeTarget;
			buildConfigurationList = 6F3A1A90251911900042E7C4 /* Build configuration list for PBXNativeTarget "DentistCalendar" */;
			buildPhases = (
				6FFCED53DA11331FEDE35FBB /* [CP] Check Pods Manifest.lock */,
				6F3A1A7D2519118F0042E7C4 /* Sources */,
				6F3A1A7E2519118F0042E7C4 /* Frameworks */,
				6F3A1A7F2519118F0042E7C4 /* Resources */,
				7230FE1EAF39EFF235F02B1C /* [CP] Embed Pods Frameworks */,
				6FB5F09325D058BB00FF24B8 /* ShellScript */,
			);
			buildRules = (
			);
			dependencies = (
			);
			name = DentistCalendar;
			packageProductDependencies = (
				6F2149EE25B9FA12006B57F3 /* Introspect */,
				6FB8DC5025D19A1E00A04107 /* SPAlert */,
				6FDAD37B2631E80300CA5AA5 /* SwiftUIX */,
			);
			productName = DentistCalendar;
			productReference = 6F3A1A81251911900042E7C4 /* DentistCalendar.app */;
			productType = "com.apple.product-type.application";
		};
/* End PBXNativeTarget section */

/* Begin PBXProject section */
		6F3A1A792519118F0042E7C4 /* Project object */ = {
			isa = PBXProject;
			attributes = {
				LastSwiftUpdateCheck = 1200;
				LastUpgradeCheck = 1250;
				TargetAttributes = {
					6F3A1A802519118F0042E7C4 = {
						CreatedOnToolsVersion = 12.0;
					};
				};
			};
			buildConfigurationList = 6F3A1A7C2519118F0042E7C4 /* Build configuration list for PBXProject "DentistCalendar" */;
			compatibilityVersion = "Xcode 9.3";
			developmentRegion = en;
			hasScannedForEncodings = 0;
			knownRegions = (
				en,
				ru,
				Base,
			);
			mainGroup = 6F3A1A782519118F0042E7C4;
			packageReferences = (
				6F2149ED25B9FA12006B57F3 /* XCRemoteSwiftPackageReference "SwiftUI-Introspect" */,
				6FB8DC4F25D19A1E00A04107 /* XCRemoteSwiftPackageReference "SPAlert" */,
				6FDAD37A2631E80300CA5AA5 /* XCRemoteSwiftPackageReference "SwiftUIX" */,
			);
			productRefGroup = 6F3A1A82251911900042E7C4 /* Products */;
			projectDirPath = "";
			projectRoot = "";
			targets = (
				6F3A1A802519118F0042E7C4 /* DentistCalendar */,
			);
		};
/* End PBXProject section */

/* Begin PBXResourcesBuildPhase section */
		6F3A1A7F2519118F0042E7C4 /* Resources */ = {
			isa = PBXResourcesBuildPhase;
			buildActionMask = 2147483647;
			files = (
				6F3A1A8C251911900042E7C4 /* Preview Assets.xcassets in Resources */,
				6F3A1A89251911900042E7C4 /* Assets.xcassets in Resources */,
				6F780F53266104460067F2CC /* GoogleService-Info.plist in Resources */,
				6F6E04FD26654F9A0062ACE3 /* LaunchScreen.storyboard in Resources */,
				6F05F3CE257947410099BB94 /* awsconfiguration.json in Resources */,
				6F0B35A825AF650600E7C722 /* Localizable.strings in Resources */,
				6F05F3CD257947410099BB94 /* amplifyconfiguration.json in Resources */,
				6FF64EFE251E3A9E0094C0E0 /* events.json in Resources */,
				6F87E88C25A2F521000B4834 /* UnifiedNativeAdView.xib in Resources */,
				6FEB49EC267B38D800923E37 /* schema.graphql in Resources */,
			);
			runOnlyForDeploymentPostprocessing = 0;
		};
/* End PBXResourcesBuildPhase section */

/* Begin PBXShellScriptBuildPhase section */
		6FB5F09325D058BB00FF24B8 /* ShellScript */ = {
			isa = PBXShellScriptBuildPhase;
			buildActionMask = 2147483647;
			files = (
			);
			inputFileListPaths = (
			);
			inputPaths = (
				"${DWARF_DSYM_FOLDER_PATH}/${DWARF_DSYM_FILE_NAME}/Contents/Resources/DWARF/${TARGET_NAME}",
				"$(SRCROOT)/$(BUILT_PRODUCTS_DIR)/$(INFOPLIST_PATH)",
			);
			outputFileListPaths = (
			);
			outputPaths = (
			);
			runOnlyForDeploymentPostprocessing = 0;
			shellPath = /bin/sh;
			shellScript = "# Type a script or drag a script file from your workspace to insert its path.\n\"${PODS_ROOT}/FirebaseCrashlytics/run\"\n\n";
		};
		6FFCED53DA11331FEDE35FBB /* [CP] Check Pods Manifest.lock */ = {
			isa = PBXShellScriptBuildPhase;
			buildActionMask = 2147483647;
			files = (
			);
			inputFileListPaths = (
			);
			inputPaths = (
				"${PODS_PODFILE_DIR_PATH}/Podfile.lock",
				"${PODS_ROOT}/Manifest.lock",
			);
			name = "[CP] Check Pods Manifest.lock";
			outputFileListPaths = (
			);
			outputPaths = (
				"$(DERIVED_FILE_DIR)/Pods-DentistCalendar-checkManifestLockResult.txt",
			);
			runOnlyForDeploymentPostprocessing = 0;
			shellPath = /bin/sh;
			shellScript = "diff \"${PODS_PODFILE_DIR_PATH}/Podfile.lock\" \"${PODS_ROOT}/Manifest.lock\" > /dev/null\nif [ $? != 0 ] ; then\n    # print error to STDERR\n    echo \"error: The sandbox is not in sync with the Podfile.lock. Run 'pod install' or update your CocoaPods installation.\" >&2\n    exit 1\nfi\n# This output is used by Xcode 'outputs' to avoid re-running this script phase.\necho \"SUCCESS\" > \"${SCRIPT_OUTPUT_FILE_0}\"\n";
			showEnvVarsInLog = 0;
		};
		7230FE1EAF39EFF235F02B1C /* [CP] Embed Pods Frameworks */ = {
			isa = PBXShellScriptBuildPhase;
			buildActionMask = 2147483647;
			files = (
			);
			inputFileListPaths = (
				"${PODS_ROOT}/Target Support Files/Pods-DentistCalendar/Pods-DentistCalendar-frameworks-${CONFIGURATION}-input-files.xcfilelist",
			);
			name = "[CP] Embed Pods Frameworks";
			outputFileListPaths = (
				"${PODS_ROOT}/Target Support Files/Pods-DentistCalendar/Pods-DentistCalendar-frameworks-${CONFIGURATION}-output-files.xcfilelist",
			);
			runOnlyForDeploymentPostprocessing = 0;
			shellPath = /bin/sh;
			shellScript = "\"${PODS_ROOT}/Target Support Files/Pods-DentistCalendar/Pods-DentistCalendar-frameworks.sh\"\n";
			showEnvVarsInLog = 0;
		};
/* End PBXShellScriptBuildPhase section */

/* Begin PBXSourcesBuildPhase section */
		6F3A1A7D2519118F0042E7C4 /* Sources */ = {
			isa = PBXSourcesBuildPhase;
			buildActionMask = 2147483647;
			files = (
				6FD57D5E253C3F8100C64847 /* DateControllerDelegaet.swift in Sources */,
				6F2FB4F3251F3DDE00A046F9 /* RegisterView.swift in Sources */,
				6FC9024D25A23EEE0043A70F /* NativeAdView.swift in Sources */,
				6F457284252E1C94008B1857 /* ProfileSettingsViewModel.swift in Sources */,
				6F67377E2572C1E70092B81B /* EventCalendarChooserView.swift in Sources */,
				6FE422592589250200E62B55 /* DatePickerModalView.swift in Sources */,
				6F3E742D2545E5FC00410A6F /* PatientUpdateViewModel.swift in Sources */,
				6F1E95202664C5CB00B4D1FB /* StringExtension.swift in Sources */,
				6F1A3FD525B2EF5D00EC448E /* DatePickersSection.swift in Sources */,
				6F0BF652255DA201004ACD4F /* AppointmentCreateViewModel.swift in Sources */,
				6F795F27257A53620013E2BB /* Enums.swift in Sources */,
				6F3F8F0025B9DE0900C42CEE /* ForgotPasswordView.swift in Sources */,
				6FA6926A252B60F500711A88 /* ProfileSettingsView.swift in Sources */,
				6F43790C25D97CDB00DE722C /* ExportDocument.swift in Sources */,
				6FC9024925A23BD70043A70F /* GoogleAdsVariables + Constants.swift in Sources */,
				6F1A3FD825B3021E00EC448E /* ServicesSection.swift in Sources */,
				6F328F45253CB60700F28F0F /* CustomButton.swift in Sources */,
				6F6546912552C285007F4C2D /* PassCodeInputModel.swift in Sources */,
				6F55F04C2526F0340095729D /* RegisterViewModel.swift in Sources */,
				6FB5F05125D04B7000FF24B8 /* Alert.swift in Sources */,
				6FCC65CD257E7E9300505115 /* AppointmentCalendarViewModel.swift in Sources */,
				6FD57D57253C3D5E00C64847 /* CalendarKitViewController.swift in Sources */,
				6F81977A25B2ECEA00022321 /* PatientCreateSection.swift in Sources */,
				6F1D733725E6AB510008DCBF /* PageTabView.swift in Sources */,
				6FE9253D253F54FC00E5BEB6 /* PatientDetailCard.swift in Sources */,
				6F2FB4E1251F228600A046F9 /* LoginView.swift in Sources */,
				6FF64F06251E44580094C0E0 /* Item.swift in Sources */,
				6F2FB4E7251F2EED00A046F9 /* ContentHostingController.swift in Sources */,
				6F02155825409D6200F2DFBE /* PatientDetailViewModel.swift in Sources */,
				6F1047DD25A33DE200A8341F /* BannerAdView.swift in Sources */,
				6F1D733B25E6AC110008DCBF /* WalktroughView.swift in Sources */,
				6F8581C125D43F6100E7BF1F /* KeyboardAwareModifier.swift in Sources */,
				6F8581BE25D43E2800E7BF1F /* KeyboardHeightPublisher.swift in Sources */,
				6F7CE325255FE2E400D8D521 /* ViewControllerResolver.swift in Sources */,
				6F639778264D8E2C007474ED /* ModalView2.swift in Sources */,
				6F8581D325D451E700E7BF1F /* ExportEvents.swift in Sources */,
				6F1A3FDE25B307F900EC448E /* DiagnosisRow.swift in Sources */,
				6F2FB4E4251F274C00A046F9 /* NavigationBarColor.swift in Sources */,
				6F3E74332545EB8700410A6F /* PhoneNumberTextFieldView.swift in Sources */,
				6F1047E025A34A4500A8341F /* RewardedVideoAd.swift in Sources */,
				6F70B7DF25E93DAC003A66D9 /* BillingSection.swift in Sources */,
				6F7CE31A255FC76E00D8D521 /* Persistence.swift in Sources */,
				6F6546902552C285007F4C2D /* PassCodeInputCell.swift in Sources */,
				6FA795DA2592658100992EAE /* ServiceList.swift in Sources */,
				6F32DB11256417D5008EED03 /* AppointmentEditView.swift in Sources */,
				6F43790725D9764700DE722C /* String.swift in Sources */,
				6F43790025D9764700DE722C /* Event.swift in Sources */,
				6F1047E425A3560300A8341F /* Store.swift in Sources */,
				6FF64EF7251E34D70094C0E0 /* CalendarDayView.swift in Sources */,
				6F2BA5622633212800F5FB22 /* EnvironmentKeys.swift in Sources */,
				6F43790225D9764700DE722C /* iCalError.swift in Sources */,
				6F7CE317255FC6A700D8D521 /* DiagnosisModel.xcdatamodeld in Sources */,
				6FD91C28252F600E00231625 /* getTokens.swift in Sources */,
				6F0BF64E255DA191004ACD4F /* AppointmentCreateView.swift in Sources */,
				6F26F9852619D63D0039A2C8 /* GoogleSignInButton.swift in Sources */,
				6F2B89AC257CCA5900D717EC /* AppointmentCalendarView.swift in Sources */,
				6F7CE31D255FCE5500D8D521 /* AlertControlView.swift in Sources */,
				6FF64F02251E3CBE0094C0E0 /* Color.swift in Sources */,
				6FC9022B25A21EEC0043A70F /* BuySubscriptionView.swift in Sources */,
				6F1D734125E6AE1F0008DCBF /* Data + Page.swift in Sources */,
				6FEF93482670C3E100693408 /* HalfModalView.swift in Sources */,
				6F4BFB312621C98E00F68689 /* ActionButton.swift in Sources */,
				6F3A2AED25C83ACC001E91A0 /* ViewExtension.swift in Sources */,
				6F78213F2667FE2C00480151 /* ForeachExtension.swift in Sources */,
				6F3F8F0325B9E38800C42CEE /* HeplfulFunctions.swift in Sources */,
				6F43790325D9764700DE722C /* Calendar.swift in Sources */,
				6FAE12C325555DF4004B6EAB /* Patient+Extensions.swift in Sources */,
				6F0BF647255D8D69004ACD4F /* PatientCreateView.swift in Sources */,
				6F6546892552C03A007F4C2D /* CodeInput.swift in Sources */,
				6F328F3F253CB5CC00F28F0F /* CustomTextField.swift in Sources */,
				6F8581BD25D43E2800E7BF1F /* UIResponder+Current.swift in Sources */,
				6F43790925D9764700DE722C /* Parser.swift in Sources */,
				6FE9D2EF2541EA2700F1C74A /* RefreshScrollView.swift in Sources */,
				6F328F42253CB5DC00F28F0F /* AvatarBlock.swift in Sources */,
				6F97FA312542A738004750BF /* PatientUpdateView.swift in Sources */,
				6FD57D61253C413500C64847 /* TimeChunk.swift in Sources */,
				6F4403BF2530BE460025BB9A /* PatientsListRow.swift in Sources */,
				6F81977525B2EC8700022321 /* PickerCalendarSection.swift in Sources */,
				6FB5F0D525D05B6500FF24B8 /* AppDelegate.swift in Sources */,
				6F67377B25727E830092B81B /* EventAddViewModel.swift in Sources */,
				6F1047E725A371E500A8341F /* PriceExtension.swift in Sources */,
				6F43790125D9764700DE722C /* iCal.swift in Sources */,
				6F8581BC25D43E2800E7BF1F /* KeyboardAdaptive.swift in Sources */,
				6F0BF656255DA48F004ACD4F /* DiagnosisCreateView.swift in Sources */,
				6F2BA5872633280800F5FB22 /* InternetConnectionManager.swift in Sources */,
				6F690360260BAC360019630C /* NavigationSearchBar.swift in Sources */,
				6F7ECB5D25EB89FF0002B91A /* CodeInputView.swift in Sources */,
				6F1D733E25E6ADE50008DCBF /* TabDetailsView.swift in Sources */,
				6F50F3472603C7FB00E740F6 /* ArrayExtension.swift in Sources */,
				6F418C102526421C008FD40F /* LoginViewModel.swift in Sources */,
				6F4403BB2530B6740025BB9A /* PatientsListView.swift in Sources */,
				6F328EB6253CADE900F28F0F /* LoginViewController.swift in Sources */,
				6F853B3925BB4EDB0063FBBC /* ModalView.swift in Sources */,
				6F43790425D9764700DE722C /* CalendarComponent.swift in Sources */,
				6F457288252E1D52008B1857 /* ProfileSettingsUserDataView.swift in Sources */,
				6F65467F25527D22007F4C2D /* SessionManager.swift in Sources */,
				6F51126F258A7210008D6799 /* MultipleSelectionRow.swift in Sources */,
				6F4D9E882534A80E000DAE1C /* PatientsDetailView.swift in Sources */,
				6F418C0625262FEE008FD40F /* Api.swift in Sources */,
				6F43790525D9764700DE722C /* IcsElement.swift in Sources */,
				6F1A3FDB25B3028100EC448E /* SumSection.swift in Sources */,
				6F418C0925263684008FD40F /* ApiHelper.swift in Sources */,
				6F3A1A87251911900042E7C4 /* ContentView.swift in Sources */,
				6F65468225527EC7007F4C2D /* ConfirmationView.swift in Sources */,
				6F4AFCED2531C13600F842BA /* PatientsListViewModel.swift in Sources */,
				6F43790625D9764700DE722C /* Date.swift in Sources */,
				6F7CE321255FE2D300D8D521 /* SearchBar.swift in Sources */,
				6F1047DA25A33B5900A8341F /* IntersistititalAdView.swift in Sources */,
				6F1D734425E6AF770008DCBF /* ButtonsView.swift in Sources */,
				6F4AFCEA2531B9C100F842BA /* getAvatarColor.swift in Sources */,
				6F0BF64A255D8DE8004ACD4F /* PatientCreateViewModel.swift in Sources */,
				6F3A1A85251911900042E7C4 /* DentistCalendarApp.swift in Sources */,
				6F43790825D9764700DE722C /* Alarm.swift in Sources */,
				6F38B6E325DA3EBE003CF70C /* ImportEvents.swift in Sources */,
				6F32DB14256417FD008EED03 /* AppointmentEditViewModel.swift in Sources */,
				6FE9D2E82541E20400F1C74A /* FloatingButton.swift in Sources */,
				6F67377825727DED0092B81B /* EventAddView.swift in Sources */,
				6FDAD3782631DEBA00CA5AA5 /* OnBoardingView.swift in Sources */,
				6F7ECB5A25EB89D30002B91A /* CodeView.swift in Sources */,
				D62FF8CA96BB4C7F96C41A23 /* AmplifyModels.swift in Sources */,
				37D3F3C60A514BD289159207 /* Appointment.swift in Sources */,
				E6D88C0A92394FC78904A6BA /* Appointment+Schema.swift in Sources */,
				9BDB79E3DDC64FF9866CF8CB /* Patient.swift in Sources */,
				F22EAA83B8FC494FB95BFDAB /* Patient+Schema.swift in Sources */,
				FEF955966CB945ADA3863878 /* Payment.swift in Sources */,
				6D68240D61E8464682339A2B /* Payment+Schema.swift in Sources */,
			);
			runOnlyForDeploymentPostprocessing = 0;
		};
/* End PBXSourcesBuildPhase section */

/* Begin PBXVariantGroup section */
		6F0B35AA25AF650600E7C722 /* Localizable.strings */ = {
			isa = PBXVariantGroup;
			children = (
				6F0B35A925AF650600E7C722 /* en */,
				6F0B35AC25AF650A00E7C722 /* ru */,
			);
			name = Localizable.strings;
			sourceTree = "<group>";
		};
/* End PBXVariantGroup section */

/* Begin XCBuildConfiguration section */
		6F3A1A8E251911900042E7C4 /* Debug */ = {
			isa = XCBuildConfiguration;
			buildSettings = {
				ALWAYS_SEARCH_USER_PATHS = NO;
				CLANG_ANALYZER_LOCALIZABILITY_NONLOCALIZED = YES;
				CLANG_ANALYZER_NONNULL = YES;
				CLANG_ANALYZER_NUMBER_OBJECT_CONVERSION = YES_AGGRESSIVE;
				CLANG_CXX_LANGUAGE_STANDARD = "gnu++14";
				CLANG_CXX_LIBRARY = "libc++";
				CLANG_ENABLE_MODULES = YES;
				CLANG_ENABLE_OBJC_ARC = YES;
				CLANG_ENABLE_OBJC_WEAK = YES;
				CLANG_WARN_BLOCK_CAPTURE_AUTORELEASING = YES;
				CLANG_WARN_BOOL_CONVERSION = YES;
				CLANG_WARN_COMMA = YES;
				CLANG_WARN_CONSTANT_CONVERSION = YES;
				CLANG_WARN_DEPRECATED_OBJC_IMPLEMENTATIONS = YES;
				CLANG_WARN_DIRECT_OBJC_ISA_USAGE = YES_ERROR;
				CLANG_WARN_DOCUMENTATION_COMMENTS = YES;
				CLANG_WARN_EMPTY_BODY = YES;
				CLANG_WARN_ENUM_CONVERSION = YES;
				CLANG_WARN_INFINITE_RECURSION = YES;
				CLANG_WARN_INT_CONVERSION = YES;
				CLANG_WARN_NON_LITERAL_NULL_CONVERSION = YES;
				CLANG_WARN_OBJC_IMPLICIT_RETAIN_SELF = YES;
				CLANG_WARN_OBJC_LITERAL_CONVERSION = YES;
				CLANG_WARN_OBJC_ROOT_CLASS = YES_ERROR;
				CLANG_WARN_QUOTED_INCLUDE_IN_FRAMEWORK_HEADER = YES;
				CLANG_WARN_RANGE_LOOP_ANALYSIS = YES;
				CLANG_WARN_STRICT_PROTOTYPES = YES;
				CLANG_WARN_SUSPICIOUS_MOVE = YES;
				CLANG_WARN_UNGUARDED_AVAILABILITY = YES_AGGRESSIVE;
				CLANG_WARN_UNREACHABLE_CODE = YES;
				CLANG_WARN__DUPLICATE_METHOD_MATCH = YES;
				COPY_PHASE_STRIP = NO;
				DEBUG_INFORMATION_FORMAT = dwarf;
				ENABLE_STRICT_OBJC_MSGSEND = YES;
				ENABLE_TESTABILITY = YES;
				GCC_C_LANGUAGE_STANDARD = gnu11;
				GCC_DYNAMIC_NO_PIC = NO;
				GCC_NO_COMMON_BLOCKS = YES;
				GCC_OPTIMIZATION_LEVEL = 0;
				GCC_PREPROCESSOR_DEFINITIONS = (
					"DEBUG=1",
					"$(inherited)",
				);
				GCC_WARN_64_TO_32_BIT_CONVERSION = YES;
				GCC_WARN_ABOUT_RETURN_TYPE = YES_ERROR;
				GCC_WARN_UNDECLARED_SELECTOR = YES;
				GCC_WARN_UNINITIALIZED_AUTOS = YES_AGGRESSIVE;
				GCC_WARN_UNUSED_FUNCTION = YES;
				GCC_WARN_UNUSED_VARIABLE = YES;
				IPHONEOS_DEPLOYMENT_TARGET = 8.0;
				MTL_ENABLE_DEBUG_INFO = INCLUDE_SOURCE;
				MTL_FAST_MATH = YES;
				ONLY_ACTIVE_ARCH = YES;
				OTHER_LDFLAGS = "-ObjC";
				SDKROOT = iphoneos;
				SWIFT_ACTIVE_COMPILATION_CONDITIONS = DEBUG;
				SWIFT_OPTIMIZATION_LEVEL = "-Onone";
			};
			name = Debug;
		};
		6F3A1A8F251911900042E7C4 /* Release */ = {
			isa = XCBuildConfiguration;
			buildSettings = {
				ALWAYS_SEARCH_USER_PATHS = NO;
				CLANG_ANALYZER_LOCALIZABILITY_NONLOCALIZED = YES;
				CLANG_ANALYZER_NONNULL = YES;
				CLANG_ANALYZER_NUMBER_OBJECT_CONVERSION = YES_AGGRESSIVE;
				CLANG_CXX_LANGUAGE_STANDARD = "gnu++14";
				CLANG_CXX_LIBRARY = "libc++";
				CLANG_ENABLE_MODULES = YES;
				CLANG_ENABLE_OBJC_ARC = YES;
				CLANG_ENABLE_OBJC_WEAK = YES;
				CLANG_WARN_BLOCK_CAPTURE_AUTORELEASING = YES;
				CLANG_WARN_BOOL_CONVERSION = YES;
				CLANG_WARN_COMMA = YES;
				CLANG_WARN_CONSTANT_CONVERSION = YES;
				CLANG_WARN_DEPRECATED_OBJC_IMPLEMENTATIONS = YES;
				CLANG_WARN_DIRECT_OBJC_ISA_USAGE = YES_ERROR;
				CLANG_WARN_DOCUMENTATION_COMMENTS = YES;
				CLANG_WARN_EMPTY_BODY = YES;
				CLANG_WARN_ENUM_CONVERSION = YES;
				CLANG_WARN_INFINITE_RECURSION = YES;
				CLANG_WARN_INT_CONVERSION = YES;
				CLANG_WARN_NON_LITERAL_NULL_CONVERSION = YES;
				CLANG_WARN_OBJC_IMPLICIT_RETAIN_SELF = YES;
				CLANG_WARN_OBJC_LITERAL_CONVERSION = YES;
				CLANG_WARN_OBJC_ROOT_CLASS = YES_ERROR;
				CLANG_WARN_QUOTED_INCLUDE_IN_FRAMEWORK_HEADER = YES;
				CLANG_WARN_RANGE_LOOP_ANALYSIS = YES;
				CLANG_WARN_STRICT_PROTOTYPES = YES;
				CLANG_WARN_SUSPICIOUS_MOVE = YES;
				CLANG_WARN_UNGUARDED_AVAILABILITY = YES_AGGRESSIVE;
				CLANG_WARN_UNREACHABLE_CODE = YES;
				CLANG_WARN__DUPLICATE_METHOD_MATCH = YES;
				COPY_PHASE_STRIP = NO;
				DEBUG_INFORMATION_FORMAT = "dwarf-with-dsym";
				ENABLE_NS_ASSERTIONS = NO;
				ENABLE_STRICT_OBJC_MSGSEND = YES;
				GCC_C_LANGUAGE_STANDARD = gnu11;
				GCC_NO_COMMON_BLOCKS = YES;
				GCC_WARN_64_TO_32_BIT_CONVERSION = YES;
				GCC_WARN_ABOUT_RETURN_TYPE = YES_ERROR;
				GCC_WARN_UNDECLARED_SELECTOR = YES;
				GCC_WARN_UNINITIALIZED_AUTOS = YES_AGGRESSIVE;
				GCC_WARN_UNUSED_FUNCTION = YES;
				GCC_WARN_UNUSED_VARIABLE = YES;
				IPHONEOS_DEPLOYMENT_TARGET = 8.0;
				MTL_ENABLE_DEBUG_INFO = NO;
				MTL_FAST_MATH = YES;
				OTHER_LDFLAGS = "-ObjC";
				SDKROOT = iphoneos;
				SWIFT_COMPILATION_MODE = wholemodule;
				SWIFT_OPTIMIZATION_LEVEL = "-O";
				VALIDATE_PRODUCT = YES;
			};
			name = Release;
		};
		6F3A1A91251911900042E7C4 /* Debug */ = {
			isa = XCBuildConfiguration;
			baseConfigurationReference = D3A72237A0EF3FC9EE8AF5C7 /* Pods-DentistCalendar.debug.xcconfig */;
			buildSettings = {
				ASSETCATALOG_COMPILER_APPICON_NAME = AppIcon;
				ASSETCATALOG_COMPILER_GLOBAL_ACCENT_COLOR_NAME = AccentColor;
				CODE_SIGN_ENTITLEMENTS = DentistCalendar/DentistCalendar.entitlements;
				CODE_SIGN_IDENTITY = "Apple Development";
				CODE_SIGN_STYLE = Automatic;
				DEBUG_INFORMATION_FORMAT = "dwarf-with-dsym";
				DEVELOPMENT_ASSET_PATHS = "\"DentistCalendar/Preview Content\"";
				DEVELOPMENT_TEAM = 628BB54ZJN;
				ENABLE_PREVIEWS = YES;
				INFOPLIST_FILE = DentistCalendar/Info.plist;
				IPHONEOS_DEPLOYMENT_TARGET = 14.0;
				LD_RUNPATH_SEARCH_PATHS = (
					"$(inherited)",
					"@executable_path/Frameworks",
				);
				PRODUCT_BUNDLE_IDENTIFIER = com.katsushooter.dentor;
				PRODUCT_NAME = "$(TARGET_NAME)";
				PROVISIONING_PROFILE_SPECIFIER = "";
				SWIFT_VERSION = 5.0;
				TARGETED_DEVICE_FAMILY = "1,2";
			};
			name = Debug;
		};
		6F3A1A92251911900042E7C4 /* Release */ = {
			isa = XCBuildConfiguration;
			baseConfigurationReference = CE282996B18331B02EFFC969 /* Pods-DentistCalendar.release.xcconfig */;
			buildSettings = {
				ASSETCATALOG_COMPILER_APPICON_NAME = AppIcon;
				ASSETCATALOG_COMPILER_GLOBAL_ACCENT_COLOR_NAME = AccentColor;
				CODE_SIGN_ENTITLEMENTS = DentistCalendar/DentistCalendar.entitlements;
				CODE_SIGN_IDENTITY = "Apple Development";
				CODE_SIGN_STYLE = Automatic;
				DEVELOPMENT_ASSET_PATHS = "\"DentistCalendar/Preview Content\"";
				DEVELOPMENT_TEAM = 628BB54ZJN;
				ENABLE_PREVIEWS = YES;
				INFOPLIST_FILE = DentistCalendar/Info.plist;
				IPHONEOS_DEPLOYMENT_TARGET = 14.0;
				LD_RUNPATH_SEARCH_PATHS = (
					"$(inherited)",
					"@executable_path/Frameworks",
				);
				PRODUCT_BUNDLE_IDENTIFIER = com.katsushooter.dentor;
				PRODUCT_NAME = "$(TARGET_NAME)";
				PROVISIONING_PROFILE_SPECIFIER = "";
				SWIFT_VERSION = 5.0;
				TARGETED_DEVICE_FAMILY = "1,2";
			};
			name = Release;
		};
/* End XCBuildConfiguration section */

/* Begin XCConfigurationList section */
		6F3A1A7C2519118F0042E7C4 /* Build configuration list for PBXProject "DentistCalendar" */ = {
			isa = XCConfigurationList;
			buildConfigurations = (
				6F3A1A8E251911900042E7C4 /* Debug */,
				6F3A1A8F251911900042E7C4 /* Release */,
			);
			defaultConfigurationIsVisible = 0;
			defaultConfigurationName = Release;
		};
		6F3A1A90251911900042E7C4 /* Build configuration list for PBXNativeTarget "DentistCalendar" */ = {
			isa = XCConfigurationList;
			buildConfigurations = (
				6F3A1A91251911900042E7C4 /* Debug */,
				6F3A1A92251911900042E7C4 /* Release */,
			);
			defaultConfigurationIsVisible = 0;
			defaultConfigurationName = Release;
		};
/* End XCConfigurationList section */

/* Begin XCRemoteSwiftPackageReference section */
		6F2149ED25B9FA12006B57F3 /* XCRemoteSwiftPackageReference "SwiftUI-Introspect" */ = {
			isa = XCRemoteSwiftPackageReference;
			repositoryURL = "https://github.com/siteline/SwiftUI-Introspect";
			requirement = {
				kind = upToNextMajorVersion;
				minimumVersion = 0.1.2;
			};
		};
		6FB8DC4F25D19A1E00A04107 /* XCRemoteSwiftPackageReference "SPAlert" */ = {
			isa = XCRemoteSwiftPackageReference;
			repositoryURL = "https://github.com/varabeis/SPAlert";
			requirement = {
				kind = upToNextMajorVersion;
				minimumVersion = 3.0.3;
			};
		};
		6FDAD37A2631E80300CA5AA5 /* XCRemoteSwiftPackageReference "SwiftUIX" */ = {
			isa = XCRemoteSwiftPackageReference;
			repositoryURL = "https://github.com/SwiftUIX/SwiftUIX";
			requirement = {
				kind = upToNextMajorVersion;
				minimumVersion = 0.0.6;
			};
		};
/* End XCRemoteSwiftPackageReference section */

/* Begin XCSwiftPackageProductDependency section */
		6F2149EE25B9FA12006B57F3 /* Introspect */ = {
			isa = XCSwiftPackageProductDependency;
			package = 6F2149ED25B9FA12006B57F3 /* XCRemoteSwiftPackageReference "SwiftUI-Introspect" */;
			productName = Introspect;
		};
		6FB8DC5025D19A1E00A04107 /* SPAlert */ = {
			isa = XCSwiftPackageProductDependency;
			package = 6FB8DC4F25D19A1E00A04107 /* XCRemoteSwiftPackageReference "SPAlert" */;
			productName = SPAlert;
		};
		6FDAD37B2631E80300CA5AA5 /* SwiftUIX */ = {
			isa = XCSwiftPackageProductDependency;
			package = 6FDAD37A2631E80300CA5AA5 /* XCRemoteSwiftPackageReference "SwiftUIX" */;
			productName = SwiftUIX;
		};
/* End XCSwiftPackageProductDependency section */

/* Begin XCVersionGroup section */
		6F7CE315255FC6A700D8D521 /* DiagnosisModel.xcdatamodeld */ = {
			isa = XCVersionGroup;
			children = (
				6F7CE316255FC6A700D8D521 /* DiagnosisModel.xcdatamodel */,
			);
			currentVersion = 6F7CE316255FC6A700D8D521 /* DiagnosisModel.xcdatamodel */;
			path = DiagnosisModel.xcdatamodeld;
			sourceTree = "<group>";
			versionGroupType = wrapper.xcdatamodel;
		};
/* End XCVersionGroup section */
	};
	rootObject = 6F3A1A792519118F0042E7C4 /* Project object */;
}
