// !$*UTF8*$!
{
	archiveVersion = 1;
	classes = {
	};
	objectVersion = 52;
	objects = {

/* Begin PBXBuildFile section */
		0828E2405CD24DD5AE92BD96 /* Appointment+Schema.swift in Sources */ = {isa = PBXBuildFile; fileRef = F9DB883CB2964B6D8C000807 /* Appointment+Schema.swift */; };
		4DA8D83946004CBF8C054F89 /* Patient+Schema.swift in Sources */ = {isa = PBXBuildFile; fileRef = 323AAE56C2D243D6A4D7D015 /* Patient+Schema.swift */; };
		6CEC911EBE7849FEA7CAEA2F /* Appointment.swift in Sources */ = {isa = PBXBuildFile; fileRef = 4D965F94B2AF455BB6BA276C /* Appointment.swift */; };
		6F02155825409D6200F2DFBE /* PatientDetailViewModel.swift in Sources */ = {isa = PBXBuildFile; fileRef = 6F02155725409D6200F2DFBE /* PatientDetailViewModel.swift */; };
		6F2FB4E1251F228600A046F9 /* LoginView.swift in Sources */ = {isa = PBXBuildFile; fileRef = 6F2FB4E0251F228600A046F9 /* LoginView.swift */; };
		6F2FB4E4251F274C00A046F9 /* NavigationBarColor.swift in Sources */ = {isa = PBXBuildFile; fileRef = 6F2FB4E3251F274C00A046F9 /* NavigationBarColor.swift */; };
		6F2FB4E7251F2EED00A046F9 /* ContentHostingController.swift in Sources */ = {isa = PBXBuildFile; fileRef = 6F2FB4E6251F2EED00A046F9 /* ContentHostingController.swift */; };
		6F2FB4F3251F3DDE00A046F9 /* RegisterView.swift in Sources */ = {isa = PBXBuildFile; fileRef = 6F2FB4F2251F3DDE00A046F9 /* RegisterView.swift */; };
		6F328EB6253CADE900F28F0F /* LoginViewController.swift in Sources */ = {isa = PBXBuildFile; fileRef = 6F328EB5253CADE900F28F0F /* LoginViewController.swift */; };
		6F328F3F253CB5CC00F28F0F /* CustomTextField.swift in Sources */ = {isa = PBXBuildFile; fileRef = 6F328F3E253CB5CC00F28F0F /* CustomTextField.swift */; };
		6F328F42253CB5DC00F28F0F /* AvatarBlock.swift in Sources */ = {isa = PBXBuildFile; fileRef = 6F328F41253CB5DC00F28F0F /* AvatarBlock.swift */; };
		6F328F45253CB60700F28F0F /* CustomButton.swift in Sources */ = {isa = PBXBuildFile; fileRef = 6F328F44253CB60600F28F0F /* CustomButton.swift */; };
		6F3A1A85251911900042E7C4 /* DentistCalendarApp.swift in Sources */ = {isa = PBXBuildFile; fileRef = 6F3A1A84251911900042E7C4 /* DentistCalendarApp.swift */; };
		6F3A1A87251911900042E7C4 /* ContentView.swift in Sources */ = {isa = PBXBuildFile; fileRef = 6F3A1A86251911900042E7C4 /* ContentView.swift */; };
		6F3A1A89251911900042E7C4 /* Assets.xcassets in Resources */ = {isa = PBXBuildFile; fileRef = 6F3A1A88251911900042E7C4 /* Assets.xcassets */; };
		6F3A1A8C251911900042E7C4 /* Preview Assets.xcassets in Resources */ = {isa = PBXBuildFile; fileRef = 6F3A1A8B251911900042E7C4 /* Preview Assets.xcassets */; };
		6F3E742D2545E5FC00410A6F /* PatientUpdateViewModel.swift in Sources */ = {isa = PBXBuildFile; fileRef = 6F3E742C2545E5FC00410A6F /* PatientUpdateViewModel.swift */; };
		6F3E74332545EB8700410A6F /* PhoneNumberTextFieldView.swift in Sources */ = {isa = PBXBuildFile; fileRef = 6F3E74322545EB8700410A6F /* PhoneNumberTextFieldView.swift */; };
		6F418C0625262FEE008FD40F /* Api.swift in Sources */ = {isa = PBXBuildFile; fileRef = 6F418C0525262FEE008FD40F /* Api.swift */; };
		6F418C0925263684008FD40F /* ApiHelper.swift in Sources */ = {isa = PBXBuildFile; fileRef = 6F418C0825263684008FD40F /* ApiHelper.swift */; };
		6F418C102526421C008FD40F /* LoginViewModel.swift in Sources */ = {isa = PBXBuildFile; fileRef = 6F418C0F2526421C008FD40F /* LoginViewModel.swift */; };
		6F4403BB2530B6740025BB9A /* PatientsListView.swift in Sources */ = {isa = PBXBuildFile; fileRef = 6F4403BA2530B6740025BB9A /* PatientsListView.swift */; };
		6F4403BF2530BE460025BB9A /* PatientsListRow.swift in Sources */ = {isa = PBXBuildFile; fileRef = 6F4403BE2530BE460025BB9A /* PatientsListRow.swift */; };
		6F457284252E1C94008B1857 /* ProfileSettingsViewModel.swift in Sources */ = {isa = PBXBuildFile; fileRef = 6F457283252E1C94008B1857 /* ProfileSettingsViewModel.swift */; };
		6F457288252E1D52008B1857 /* ProfileSettingsUserDataView.swift in Sources */ = {isa = PBXBuildFile; fileRef = 6F457287252E1D52008B1857 /* ProfileSettingsUserDataView.swift */; };
		6F4AFCEA2531B9C100F842BA /* getAvatarColor.swift in Sources */ = {isa = PBXBuildFile; fileRef = 6F4AFCE92531B9C100F842BA /* getAvatarColor.swift */; };
		6F4AFCED2531C13600F842BA /* PatientsListViewModel.swift in Sources */ = {isa = PBXBuildFile; fileRef = 6F4AFCEC2531C13600F842BA /* PatientsListViewModel.swift */; };
		6F4D9E882534A80E000DAE1C /* PatientsDetailView.swift in Sources */ = {isa = PBXBuildFile; fileRef = 6F4D9E872534A80E000DAE1C /* PatientsDetailView.swift */; };
		6F55F04C2526F0340095729D /* RegisterViewModel.swift in Sources */ = {isa = PBXBuildFile; fileRef = 6F55F04B2526F0340095729D /* RegisterViewModel.swift */; };
		6F65467F25527D22007F4C2D /* SessionManager.swift in Sources */ = {isa = PBXBuildFile; fileRef = 6F65467E25527D22007F4C2D /* SessionManager.swift */; };
		6F65468225527EC7007F4C2D /* ConfirmationView.swift in Sources */ = {isa = PBXBuildFile; fileRef = 6F65468125527EC7007F4C2D /* ConfirmationView.swift */; };
		6F65468625528CB0007F4C2D /* Slugify in Frameworks */ = {isa = PBXBuildFile; productRef = 6F65468525528CB0007F4C2D /* Slugify */; };
		6F6546892552C03A007F4C2D /* CodeInput.swift in Sources */ = {isa = PBXBuildFile; fileRef = 6F6546882552C03A007F4C2D /* CodeInput.swift */; };
		6F65468F2552C285007F4C2D /* PassCodeInputField.swift in Sources */ = {isa = PBXBuildFile; fileRef = 6F65468C2552C285007F4C2D /* PassCodeInputField.swift */; };
		6F6546902552C285007F4C2D /* PassCodeInputCell.swift in Sources */ = {isa = PBXBuildFile; fileRef = 6F65468D2552C285007F4C2D /* PassCodeInputCell.swift */; };
		6F6546912552C285007F4C2D /* PassCodeInputModel.swift in Sources */ = {isa = PBXBuildFile; fileRef = 6F65468E2552C285007F4C2D /* PassCodeInputModel.swift */; };
		6F97FA312542A738004750BF /* PatientUpdateView.swift in Sources */ = {isa = PBXBuildFile; fileRef = 6F97FA302542A738004750BF /* PatientUpdateView.swift */; };
		6FA6926A252B60F500711A88 /* ProfileSettingsView.swift in Sources */ = {isa = PBXBuildFile; fileRef = 6FA69269252B60F500711A88 /* ProfileSettingsView.swift */; };
		6FA6926D252B630500711A88 /* CalendarDay.swift in Sources */ = {isa = PBXBuildFile; fileRef = 6FA6926C252B630500711A88 /* CalendarDay.swift */; };
		6FAE12C325555DF4004B6EAB /* Patient+Extensions.swift in Sources */ = {isa = PBXBuildFile; fileRef = 6FAE12C225555DF4004B6EAB /* Patient+Extensions.swift */; };
		6FD57D57253C3D5E00C64847 /* CalendarKitViewController.swift in Sources */ = {isa = PBXBuildFile; fileRef = 6FD57D56253C3D5E00C64847 /* CalendarKitViewController.swift */; };
		6FD57D5E253C3F8100C64847 /* DateControllerDelegaet.swift in Sources */ = {isa = PBXBuildFile; fileRef = 6FD57D5D253C3F8100C64847 /* DateControllerDelegaet.swift */; };
		6FD57D61253C413500C64847 /* TimeChunk.swift in Sources */ = {isa = PBXBuildFile; fileRef = 6FD57D60253C413500C64847 /* TimeChunk.swift */; };
		6FD91C28252F600E00231625 /* getTokens.swift in Sources */ = {isa = PBXBuildFile; fileRef = 6FD91C27252F600E00231625 /* getTokens.swift */; };
		6FE9253D253F54FC00E5BEB6 /* PatientDetailCard.swift in Sources */ = {isa = PBXBuildFile; fileRef = 6FE9253C253F54FC00E5BEB6 /* PatientDetailCard.swift */; };
		6FE9D2E82541E20400F1C74A /* FloatingButton.swift in Sources */ = {isa = PBXBuildFile; fileRef = 6FE9D2E72541E20400F1C74A /* FloatingButton.swift */; };
		6FE9D2EF2541EA2700F1C74A /* RefreshScrollView.swift in Sources */ = {isa = PBXBuildFile; fileRef = 6FE9D2EE2541EA2700F1C74A /* RefreshScrollView.swift */; };
		6FF64EF7251E34D70094C0E0 /* CalendarDayView.swift in Sources */ = {isa = PBXBuildFile; fileRef = 6FF64EF6251E34D70094C0E0 /* CalendarDayView.swift */; };
		6FF64EFE251E3A9E0094C0E0 /* events.json in Resources */ = {isa = PBXBuildFile; fileRef = 6FF64EFD251E3A9E0094C0E0 /* events.json */; };
		6FF64F02251E3CBE0094C0E0 /* Color.swift in Sources */ = {isa = PBXBuildFile; fileRef = 6FF64F01251E3CBE0094C0E0 /* Color.swift */; };
		6FF64F06251E44580094C0E0 /* Item.swift in Sources */ = {isa = PBXBuildFile; fileRef = 6FF64F05251E44580094C0E0 /* Item.swift */; };
		9F139879DE51D1A3B3C1EE30 /* Pods_DentistCalendar.framework in Frameworks */ = {isa = PBXBuildFile; fileRef = 8414178BE7BAA64D4889AF35 /* Pods_DentistCalendar.framework */; };
		AB08B9B1F4DC436D9064CA57 /* amplifyconfiguration.json in Resources */ = {isa = PBXBuildFile; fileRef = C401F2C2782241B6B620F78D /* amplifyconfiguration.json */; };
		BF59C0BD898349219B79C2CF /* AmplifyModels.swift in Sources */ = {isa = PBXBuildFile; fileRef = D3D0EF4982034634B6C65F68 /* AmplifyModels.swift */; };
		EC5E26FE3D994FDEB016C3A8 /* awsconfiguration.json in Resources */ = {isa = PBXBuildFile; fileRef = D1EFC331930F43C88C436616 /* awsconfiguration.json */; };
		F8DE4DC26B10411AAAB8AD5A /* Patient.swift in Sources */ = {isa = PBXBuildFile; fileRef = 9E0DAEAF837E49F491626C6D /* Patient.swift */; };
/* End PBXBuildFile section */

/* Begin PBXFileReference section */
		323AAE56C2D243D6A4D7D015 /* Patient+Schema.swift */ = {isa = PBXFileReference; explicitFileType = undefined; fileEncoding = 4; includeInIndex = 0; lastKnownFileType = sourcecode.swift; name = "Patient+Schema.swift"; path = "amplify/generated/models/Patient+Schema.swift"; sourceTree = "<group>"; };
		4D965F94B2AF455BB6BA276C /* Appointment.swift */ = {isa = PBXFileReference; explicitFileType = undefined; fileEncoding = 4; includeInIndex = 0; lastKnownFileType = sourcecode.swift; name = Appointment.swift; path = amplify/generated/models/Appointment.swift; sourceTree = "<group>"; };
		4E3CEA75033C4CD7914D0156 /* amplifytools.xcconfig */ = {isa = PBXFileReference; explicitFileType = undefined; fileEncoding = 4; includeInIndex = 0; lastKnownFileType = text.xcconfig; path = amplifytools.xcconfig; sourceTree = "<group>"; };
		4FEA24AC1FE1FBEB1ADB1961 /* Pods-DentistCalendar.release.xcconfig */ = {isa = PBXFileReference; includeInIndex = 1; lastKnownFileType = text.xcconfig; name = "Pods-DentistCalendar.release.xcconfig"; path = "Target Support Files/Pods-DentistCalendar/Pods-DentistCalendar.release.xcconfig"; sourceTree = "<group>"; };
		6F02155725409D6200F2DFBE /* PatientDetailViewModel.swift */ = {isa = PBXFileReference; lastKnownFileType = sourcecode.swift; path = PatientDetailViewModel.swift; sourceTree = "<group>"; };
		6F2FB4E0251F228600A046F9 /* LoginView.swift */ = {isa = PBXFileReference; lastKnownFileType = sourcecode.swift; path = LoginView.swift; sourceTree = "<group>"; };
		6F2FB4E3251F274C00A046F9 /* NavigationBarColor.swift */ = {isa = PBXFileReference; lastKnownFileType = sourcecode.swift; path = NavigationBarColor.swift; sourceTree = "<group>"; };
		6F2FB4E6251F2EED00A046F9 /* ContentHostingController.swift */ = {isa = PBXFileReference; lastKnownFileType = sourcecode.swift; path = ContentHostingController.swift; sourceTree = "<group>"; };
		6F2FB4F2251F3DDE00A046F9 /* RegisterView.swift */ = {isa = PBXFileReference; lastKnownFileType = sourcecode.swift; path = RegisterView.swift; sourceTree = "<group>"; };
		6F328EB5253CADE900F28F0F /* LoginViewController.swift */ = {isa = PBXFileReference; lastKnownFileType = sourcecode.swift; path = LoginViewController.swift; sourceTree = "<group>"; };
		6F328F3E253CB5CC00F28F0F /* CustomTextField.swift */ = {isa = PBXFileReference; lastKnownFileType = sourcecode.swift; path = CustomTextField.swift; sourceTree = "<group>"; };
		6F328F41253CB5DC00F28F0F /* AvatarBlock.swift */ = {isa = PBXFileReference; lastKnownFileType = sourcecode.swift; path = AvatarBlock.swift; sourceTree = "<group>"; };
		6F328F44253CB60600F28F0F /* CustomButton.swift */ = {isa = PBXFileReference; lastKnownFileType = sourcecode.swift; path = CustomButton.swift; sourceTree = "<group>"; };
		6F3A1A81251911900042E7C4 /* DentistCalendar.app */ = {isa = PBXFileReference; explicitFileType = wrapper.application; includeInIndex = 0; path = DentistCalendar.app; sourceTree = BUILT_PRODUCTS_DIR; };
		6F3A1A84251911900042E7C4 /* DentistCalendarApp.swift */ = {isa = PBXFileReference; lastKnownFileType = sourcecode.swift; path = DentistCalendarApp.swift; sourceTree = "<group>"; };
		6F3A1A86251911900042E7C4 /* ContentView.swift */ = {isa = PBXFileReference; lastKnownFileType = sourcecode.swift; path = ContentView.swift; sourceTree = "<group>"; };
		6F3A1A88251911900042E7C4 /* Assets.xcassets */ = {isa = PBXFileReference; lastKnownFileType = folder.assetcatalog; path = Assets.xcassets; sourceTree = "<group>"; };
		6F3A1A8B251911900042E7C4 /* Preview Assets.xcassets */ = {isa = PBXFileReference; lastKnownFileType = folder.assetcatalog; path = "Preview Assets.xcassets"; sourceTree = "<group>"; };
		6F3A1A8D251911900042E7C4 /* Info.plist */ = {isa = PBXFileReference; lastKnownFileType = text.plist.xml; path = Info.plist; sourceTree = "<group>"; };
		6F3E742C2545E5FC00410A6F /* PatientUpdateViewModel.swift */ = {isa = PBXFileReference; lastKnownFileType = sourcecode.swift; path = PatientUpdateViewModel.swift; sourceTree = "<group>"; };
		6F3E74322545EB8700410A6F /* PhoneNumberTextFieldView.swift */ = {isa = PBXFileReference; lastKnownFileType = sourcecode.swift; path = PhoneNumberTextFieldView.swift; sourceTree = "<group>"; };
		6F418C0525262FEE008FD40F /* Api.swift */ = {isa = PBXFileReference; lastKnownFileType = sourcecode.swift; path = Api.swift; sourceTree = "<group>"; };
		6F418C0825263684008FD40F /* ApiHelper.swift */ = {isa = PBXFileReference; lastKnownFileType = sourcecode.swift; path = ApiHelper.swift; sourceTree = "<group>"; };
		6F418C0F2526421C008FD40F /* LoginViewModel.swift */ = {isa = PBXFileReference; lastKnownFileType = sourcecode.swift; path = LoginViewModel.swift; sourceTree = "<group>"; };
		6F4403BA2530B6740025BB9A /* PatientsListView.swift */ = {isa = PBXFileReference; lastKnownFileType = sourcecode.swift; path = PatientsListView.swift; sourceTree = "<group>"; };
		6F4403BE2530BE460025BB9A /* PatientsListRow.swift */ = {isa = PBXFileReference; lastKnownFileType = sourcecode.swift; path = PatientsListRow.swift; sourceTree = "<group>"; };
		6F457283252E1C94008B1857 /* ProfileSettingsViewModel.swift */ = {isa = PBXFileReference; lastKnownFileType = sourcecode.swift; path = ProfileSettingsViewModel.swift; sourceTree = "<group>"; };
		6F457287252E1D52008B1857 /* ProfileSettingsUserDataView.swift */ = {isa = PBXFileReference; lastKnownFileType = sourcecode.swift; path = ProfileSettingsUserDataView.swift; sourceTree = "<group>"; };
		6F4AFCE92531B9C100F842BA /* getAvatarColor.swift */ = {isa = PBXFileReference; lastKnownFileType = sourcecode.swift; path = getAvatarColor.swift; sourceTree = "<group>"; };
		6F4AFCEC2531C13600F842BA /* PatientsListViewModel.swift */ = {isa = PBXFileReference; lastKnownFileType = sourcecode.swift; path = PatientsListViewModel.swift; sourceTree = "<group>"; };
		6F4D9E872534A80E000DAE1C /* PatientsDetailView.swift */ = {isa = PBXFileReference; lastKnownFileType = sourcecode.swift; path = PatientsDetailView.swift; sourceTree = "<group>"; };
		6F55F04B2526F0340095729D /* RegisterViewModel.swift */ = {isa = PBXFileReference; lastKnownFileType = sourcecode.swift; path = RegisterViewModel.swift; sourceTree = "<group>"; };
		6F65467E25527D22007F4C2D /* SessionManager.swift */ = {isa = PBXFileReference; lastKnownFileType = sourcecode.swift; path = SessionManager.swift; sourceTree = "<group>"; };
		6F65468125527EC7007F4C2D /* ConfirmationView.swift */ = {isa = PBXFileReference; lastKnownFileType = sourcecode.swift; path = ConfirmationView.swift; sourceTree = "<group>"; };
		6F6546882552C03A007F4C2D /* CodeInput.swift */ = {isa = PBXFileReference; lastKnownFileType = sourcecode.swift; path = CodeInput.swift; sourceTree = "<group>"; };
		6F65468C2552C285007F4C2D /* PassCodeInputField.swift */ = {isa = PBXFileReference; fileEncoding = 4; lastKnownFileType = sourcecode.swift; path = PassCodeInputField.swift; sourceTree = "<group>"; };
		6F65468D2552C285007F4C2D /* PassCodeInputCell.swift */ = {isa = PBXFileReference; fileEncoding = 4; lastKnownFileType = sourcecode.swift; path = PassCodeInputCell.swift; sourceTree = "<group>"; };
		6F65468E2552C285007F4C2D /* PassCodeInputModel.swift */ = {isa = PBXFileReference; fileEncoding = 4; lastKnownFileType = sourcecode.swift; path = PassCodeInputModel.swift; sourceTree = "<group>"; };
		6F97FA302542A738004750BF /* PatientUpdateView.swift */ = {isa = PBXFileReference; lastKnownFileType = sourcecode.swift; path = PatientUpdateView.swift; sourceTree = "<group>"; };
		6FA69269252B60F500711A88 /* ProfileSettingsView.swift */ = {isa = PBXFileReference; lastKnownFileType = sourcecode.swift; path = ProfileSettingsView.swift; sourceTree = "<group>"; };
		6FA6926C252B630500711A88 /* CalendarDay.swift */ = {isa = PBXFileReference; lastKnownFileType = sourcecode.swift; path = CalendarDay.swift; sourceTree = "<group>"; };
		6FAE12C225555DF4004B6EAB /* Patient+Extensions.swift */ = {isa = PBXFileReference; lastKnownFileType = sourcecode.swift; path = "Patient+Extensions.swift"; sourceTree = "<group>"; };
		6FD57D56253C3D5E00C64847 /* CalendarKitViewController.swift */ = {isa = PBXFileReference; lastKnownFileType = sourcecode.swift; path = CalendarKitViewController.swift; sourceTree = "<group>"; };
		6FD57D5D253C3F8100C64847 /* DateControllerDelegaet.swift */ = {isa = PBXFileReference; lastKnownFileType = sourcecode.swift; path = DateControllerDelegaet.swift; sourceTree = "<group>"; };
		6FD57D60253C413500C64847 /* TimeChunk.swift */ = {isa = PBXFileReference; lastKnownFileType = sourcecode.swift; path = TimeChunk.swift; sourceTree = "<group>"; };
		6FD91C27252F600E00231625 /* getTokens.swift */ = {isa = PBXFileReference; lastKnownFileType = sourcecode.swift; path = getTokens.swift; sourceTree = "<group>"; };
		6FE9253C253F54FC00E5BEB6 /* PatientDetailCard.swift */ = {isa = PBXFileReference; lastKnownFileType = sourcecode.swift; path = PatientDetailCard.swift; sourceTree = "<group>"; };
		6FE9D2E72541E20400F1C74A /* FloatingButton.swift */ = {isa = PBXFileReference; lastKnownFileType = sourcecode.swift; path = FloatingButton.swift; sourceTree = "<group>"; };
		6FE9D2EE2541EA2700F1C74A /* RefreshScrollView.swift */ = {isa = PBXFileReference; lastKnownFileType = sourcecode.swift; path = RefreshScrollView.swift; sourceTree = "<group>"; };
		6FF64EF6251E34D70094C0E0 /* CalendarDayView.swift */ = {isa = PBXFileReference; lastKnownFileType = sourcecode.swift; path = CalendarDayView.swift; sourceTree = "<group>"; };
		6FF64EFD251E3A9E0094C0E0 /* events.json */ = {isa = PBXFileReference; lastKnownFileType = text.json; path = events.json; sourceTree = "<group>"; };
		6FF64F01251E3CBE0094C0E0 /* Color.swift */ = {isa = PBXFileReference; lastKnownFileType = sourcecode.swift; path = Color.swift; sourceTree = "<group>"; };
		6FF64F05251E44580094C0E0 /* Item.swift */ = {isa = PBXFileReference; lastKnownFileType = sourcecode.swift; path = Item.swift; sourceTree = "<group>"; };
		7E842148E0DFF37B8A237A7D /* Pods-DentistCalendar.debug.xcconfig */ = {isa = PBXFileReference; includeInIndex = 1; lastKnownFileType = text.xcconfig; name = "Pods-DentistCalendar.debug.xcconfig"; path = "Target Support Files/Pods-DentistCalendar/Pods-DentistCalendar.debug.xcconfig"; sourceTree = "<group>"; };
		8414178BE7BAA64D4889AF35 /* Pods_DentistCalendar.framework */ = {isa = PBXFileReference; explicitFileType = wrapper.framework; includeInIndex = 0; path = Pods_DentistCalendar.framework; sourceTree = BUILT_PRODUCTS_DIR; };
		9E0DAEAF837E49F491626C6D /* Patient.swift */ = {isa = PBXFileReference; explicitFileType = undefined; fileEncoding = 4; includeInIndex = 0; lastKnownFileType = sourcecode.swift; name = Patient.swift; path = amplify/generated/models/Patient.swift; sourceTree = "<group>"; };
		C401F2C2782241B6B620F78D /* amplifyconfiguration.json */ = {isa = PBXFileReference; explicitFileType = undefined; fileEncoding = 9; includeInIndex = 0; lastKnownFileType = unknown; path = amplifyconfiguration.json; sourceTree = "<group>"; };
		CC3A01AE4A77470F90F9DA0C /* schema.graphql */ = {isa = PBXFileReference; explicitFileType = undefined; fileEncoding = 4; includeInIndex = 0; lastKnownFileType = text; name = schema.graphql; path = amplify/backend/api/amplifyDatasource/schema.graphql; sourceTree = "<group>"; };
		D1EFC331930F43C88C436616 /* awsconfiguration.json */ = {isa = PBXFileReference; explicitFileType = undefined; fileEncoding = 9; includeInIndex = 0; lastKnownFileType = unknown; path = awsconfiguration.json; sourceTree = "<group>"; };
		D3D0EF4982034634B6C65F68 /* AmplifyModels.swift */ = {isa = PBXFileReference; explicitFileType = undefined; fileEncoding = 4; includeInIndex = 0; lastKnownFileType = sourcecode.swift; name = AmplifyModels.swift; path = amplify/generated/models/AmplifyModels.swift; sourceTree = "<group>"; };
		F9DB883CB2964B6D8C000807 /* Appointment+Schema.swift */ = {isa = PBXFileReference; explicitFileType = undefined; fileEncoding = 4; includeInIndex = 0; lastKnownFileType = sourcecode.swift; name = "Appointment+Schema.swift"; path = "amplify/generated/models/Appointment+Schema.swift"; sourceTree = "<group>"; };
/* End PBXFileReference section */

/* Begin PBXFrameworksBuildPhase section */
		6F3A1A7E2519118F0042E7C4 /* Frameworks */ = {
			isa = PBXFrameworksBuildPhase;
			buildActionMask = 2147483647;
			files = (
				6F65468625528CB0007F4C2D /* Slugify in Frameworks */,
				9F139879DE51D1A3B3C1EE30 /* Pods_DentistCalendar.framework in Frameworks */,
			);
			runOnlyForDeploymentPostprocessing = 0;
		};
/* End PBXFrameworksBuildPhase section */

/* Begin PBXGroup section */
		6F2FB4D9251F223600A046F9 /* Model */ = {
			isa = PBXGroup;
			children = (
				6F418C0525262FEE008FD40F /* Api.swift */,
				6FD91C27252F600E00231625 /* getTokens.swift */,
				6FAE12C225555DF4004B6EAB /* Patient+Extensions.swift */,
			);
			path = Model;
			sourceTree = "<group>";
		};
		6F2FB4DA251F223C00A046F9 /* ModelView */ = {
			isa = PBXGroup;
			children = (
				6F418C0F2526421C008FD40F /* LoginViewModel.swift */,
				6F457283252E1C94008B1857 /* ProfileSettingsViewModel.swift */,
				6F55F04B2526F0340095729D /* RegisterViewModel.swift */,
				6F4AFCEC2531C13600F842BA /* PatientsListViewModel.swift */,
				6F02155725409D6200F2DFBE /* PatientDetailViewModel.swift */,
				6F3E742C2545E5FC00410A6F /* PatientUpdateViewModel.swift */,
			);
			path = ModelView;
			sourceTree = "<group>";
		};
		6F328EB4253CADD900F28F0F /* ViewController */ = {
			isa = PBXGroup;
			children = (
				6F328EB5253CADE900F28F0F /* LoginViewController.swift */,
			);
			path = ViewController;
			sourceTree = "<group>";
		};
		6F328F3D253CB5B900F28F0F /* Components */ = {
			isa = PBXGroup;
			children = (
				6F65468B2552C278007F4C2D /* PassCode */,
				6F328F3E253CB5CC00F28F0F /* CustomTextField.swift */,
				6F328F41253CB5DC00F28F0F /* AvatarBlock.swift */,
				6F328F44253CB60600F28F0F /* CustomButton.swift */,
				6FE9253C253F54FC00E5BEB6 /* PatientDetailCard.swift */,
				6FE9D2E72541E20400F1C74A /* FloatingButton.swift */,
				6FE9D2EE2541EA2700F1C74A /* RefreshScrollView.swift */,
				6F3E74322545EB8700410A6F /* PhoneNumberTextFieldView.swift */,
				6F6546882552C03A007F4C2D /* CodeInput.swift */,
			);
			path = Components;
			sourceTree = "<group>";
		};
		6F3A1A782519118F0042E7C4 = {
			isa = PBXGroup;
			children = (
				8FB363EBF3DA415283C813C7 /* AmplifyModels */,
				D99CB1A3428641748C6E4D21 /* AmplifyConfig */,
				6F3A1A83251911900042E7C4 /* DentistCalendar */,
				6F3A1A82251911900042E7C4 /* Products */,
				BA77E1F1431B68D974FF156D /* Pods */,
				76A24443FC2B74DB6A077BE5 /* Frameworks */,
			);
			sourceTree = "<group>";
		};
		6F3A1A82251911900042E7C4 /* Products */ = {
			isa = PBXGroup;
			children = (
				6F3A1A81251911900042E7C4 /* DentistCalendar.app */,
			);
			name = Products;
			sourceTree = "<group>";
		};
		6F3A1A83251911900042E7C4 /* DentistCalendar */ = {
			isa = PBXGroup;
			children = (
				6F328F3D253CB5B900F28F0F /* Components */,
				6F328EB4253CADD900F28F0F /* ViewController */,
				6F2FB4DA251F223C00A046F9 /* ModelView */,
				6F2FB4D9251F223600A046F9 /* Model */,
				6FF64F00251E3CAF0094C0E0 /* Extensions */,
				6FF64EF5251E34AF0094C0E0 /* Views */,
				6F3A1A84251911900042E7C4 /* DentistCalendarApp.swift */,
				6F3A1A86251911900042E7C4 /* ContentView.swift */,
				6F3A1A88251911900042E7C4 /* Assets.xcassets */,
				6F3A1A8D251911900042E7C4 /* Info.plist */,
				6F3A1A8A251911900042E7C4 /* Preview Content */,
				6FF64EFD251E3A9E0094C0E0 /* events.json */,
				6F65467E25527D22007F4C2D /* SessionManager.swift */,
			);
			path = DentistCalendar;
			sourceTree = "<group>";
		};
		6F3A1A8A251911900042E7C4 /* Preview Content */ = {
			isa = PBXGroup;
			children = (
				6F3A1A8B251911900042E7C4 /* Preview Assets.xcassets */,
			);
			path = "Preview Content";
			sourceTree = "<group>";
		};
		6F4403BD2530BE380025BB9A /* Patients */ = {
			isa = PBXGroup;
			children = (
				6F4403BA2530B6740025BB9A /* PatientsListView.swift */,
				6F4403BE2530BE460025BB9A /* PatientsListRow.swift */,
				6F4D9E872534A80E000DAE1C /* PatientsDetailView.swift */,
				6F97FA302542A738004750BF /* PatientUpdateView.swift */,
			);
			path = Patients;
			sourceTree = "<group>";
		};
		6F457286252E1D2E008B1857 /* ProfileSettings */ = {
			isa = PBXGroup;
			children = (
				6FA69269252B60F500711A88 /* ProfileSettingsView.swift */,
				6F457287252E1D52008B1857 /* ProfileSettingsUserDataView.swift */,
			);
			path = ProfileSettings;
			sourceTree = "<group>";
		};
		6F65468B2552C278007F4C2D /* PassCode */ = {
			isa = PBXGroup;
			children = (
				6F65468D2552C285007F4C2D /* PassCodeInputCell.swift */,
				6F65468C2552C285007F4C2D /* PassCodeInputField.swift */,
				6F65468E2552C285007F4C2D /* PassCodeInputModel.swift */,
			);
			path = PassCode;
			sourceTree = "<group>";
		};
		6FF64EF5251E34AF0094C0E0 /* Views */ = {
			isa = PBXGroup;
			children = (
				6F457286252E1D2E008B1857 /* ProfileSettings */,
				6F4403BD2530BE380025BB9A /* Patients */,
				6FF64EF6251E34D70094C0E0 /* CalendarDayView.swift */,
				6F2FB4E0251F228600A046F9 /* LoginView.swift */,
				6F2FB4F2251F3DDE00A046F9 /* RegisterView.swift */,
				6FA6926C252B630500711A88 /* CalendarDay.swift */,
				6FD57D56253C3D5E00C64847 /* CalendarKitViewController.swift */,
				6FD57D5D253C3F8100C64847 /* DateControllerDelegaet.swift */,
				6FD57D60253C413500C64847 /* TimeChunk.swift */,
				6F65468125527EC7007F4C2D /* ConfirmationView.swift */,
			);
			path = Views;
			sourceTree = "<group>";
		};
		6FF64F00251E3CAF0094C0E0 /* Extensions */ = {
			isa = PBXGroup;
			children = (
				6FF64F01251E3CBE0094C0E0 /* Color.swift */,
				6FF64F05251E44580094C0E0 /* Item.swift */,
				6F2FB4E3251F274C00A046F9 /* NavigationBarColor.swift */,
				6F2FB4E6251F2EED00A046F9 /* ContentHostingController.swift */,
				6F418C0825263684008FD40F /* ApiHelper.swift */,
				6F4AFCE92531B9C100F842BA /* getAvatarColor.swift */,
			);
			path = Extensions;
			sourceTree = "<group>";
		};
		76A24443FC2B74DB6A077BE5 /* Frameworks */ = {
			isa = PBXGroup;
			children = (
				8414178BE7BAA64D4889AF35 /* Pods_DentistCalendar.framework */,
			);
			name = Frameworks;
			sourceTree = "<group>";
		};
		8FB363EBF3DA415283C813C7 /* AmplifyModels */ = {
			isa = PBXGroup;
			children = (
				D3D0EF4982034634B6C65F68 /* AmplifyModels.swift */,
				4D965F94B2AF455BB6BA276C /* Appointment.swift */,
				F9DB883CB2964B6D8C000807 /* Appointment+Schema.swift */,
				9E0DAEAF837E49F491626C6D /* Patient.swift */,
				323AAE56C2D243D6A4D7D015 /* Patient+Schema.swift */,
			);
			name = AmplifyModels;
			path = .;
			sourceTree = "<group>";
		};
		BA77E1F1431B68D974FF156D /* Pods */ = {
			isa = PBXGroup;
			children = (
				7E842148E0DFF37B8A237A7D /* Pods-DentistCalendar.debug.xcconfig */,
				4FEA24AC1FE1FBEB1ADB1961 /* Pods-DentistCalendar.release.xcconfig */,
			);
			path = Pods;
			sourceTree = "<group>";
		};
		D99CB1A3428641748C6E4D21 /* AmplifyConfig */ = {
			isa = PBXGroup;
			children = (
				4E3CEA75033C4CD7914D0156 /* amplifytools.xcconfig */,
				C401F2C2782241B6B620F78D /* amplifyconfiguration.json */,
				D1EFC331930F43C88C436616 /* awsconfiguration.json */,
				CC3A01AE4A77470F90F9DA0C /* schema.graphql */,
			);
			name = AmplifyConfig;
			path = .;
			sourceTree = "<group>";
		};
/* End PBXGroup section */

/* Begin PBXNativeTarget section */
		6F3A1A802519118F0042E7C4 /* DentistCalendar */ = {
			isa = PBXNativeTarget;
			buildConfigurationList = 6F3A1A90251911900042E7C4 /* Build configuration list for PBXNativeTarget "DentistCalendar" */;
			buildPhases = (
				F347D2FA68CB98874C2DAD60 /* [CP] Check Pods Manifest.lock */,
				6F29AC232551BCC50059F6F1 /* ShellScript */,
				6F3A1A7D2519118F0042E7C4 /* Sources */,
				6F3A1A7E2519118F0042E7C4 /* Frameworks */,
				6F3A1A7F2519118F0042E7C4 /* Resources */,
				866B6B3D6BBA3AFC5BFBA612 /* [CP] Embed Pods Frameworks */,
			);
			buildRules = (
			);
			dependencies = (
			);
			name = DentistCalendar;
			packageProductDependencies = (
				6F65468525528CB0007F4C2D /* Slugify */,
			);
			productName = DentistCalendar;
			productReference = 6F3A1A81251911900042E7C4 /* DentistCalendar.app */;
			productType = "com.apple.product-type.application";
		};
/* End PBXNativeTarget section */

/* Begin PBXProject section */
		6F3A1A792519118F0042E7C4 /* Project object */ = {
			isa = PBXProject;
			attributes = {
				LastSwiftUpdateCheck = 1200;
				LastUpgradeCheck = 1200;
				TargetAttributes = {
					6F3A1A802519118F0042E7C4 = {
						CreatedOnToolsVersion = 12.0;
					};
				};
			};
			buildConfigurationList = 6F3A1A7C2519118F0042E7C4 /* Build configuration list for PBXProject "DentistCalendar" */;
			compatibilityVersion = "Xcode 9.3";
			developmentRegion = en;
			hasScannedForEncodings = 0;
			knownRegions = (
				en,
				Base,
			);
			mainGroup = 6F3A1A782519118F0042E7C4;
			packageReferences = (
				6F65468425528CB0007F4C2D /* XCRemoteSwiftPackageReference "slugify" */,
			);
			productRefGroup = 6F3A1A82251911900042E7C4 /* Products */;
			projectDirPath = "";
			projectRoot = "";
			targets = (
				6F3A1A802519118F0042E7C4 /* DentistCalendar */,
			);
		};
/* End PBXProject section */

/* Begin PBXResourcesBuildPhase section */
		6F3A1A7F2519118F0042E7C4 /* Resources */ = {
			isa = PBXResourcesBuildPhase;
			buildActionMask = 2147483647;
			files = (
				6F3A1A8C251911900042E7C4 /* Preview Assets.xcassets in Resources */,
				6F3A1A89251911900042E7C4 /* Assets.xcassets in Resources */,
				6FF64EFE251E3A9E0094C0E0 /* events.json in Resources */,
				AB08B9B1F4DC436D9064CA57 /* amplifyconfiguration.json in Resources */,
				EC5E26FE3D994FDEB016C3A8 /* awsconfiguration.json in Resources */,
			);
			runOnlyForDeploymentPostprocessing = 0;
		};
/* End PBXResourcesBuildPhase section */

/* Begin PBXShellScriptBuildPhase section */
		6F29AC232551BCC50059F6F1 /* ShellScript */ = {
			isa = PBXShellScriptBuildPhase;
			buildActionMask = 2147483647;
			files = (
			);
			inputFileListPaths = (
			);
			inputPaths = (
			);
			outputFileListPaths = (
			);
			outputPaths = (
			);
			runOnlyForDeploymentPostprocessing = 0;
			shellPath = /bin/sh;
			shellScript = "    #${PODS_ROOT}/AmplifyTools/amplify-tools.sh\"\n";
		};
		866B6B3D6BBA3AFC5BFBA612 /* [CP] Embed Pods Frameworks */ = {
			isa = PBXShellScriptBuildPhase;
			buildActionMask = 2147483647;
			files = (
			);
			inputFileListPaths = (
				"${PODS_ROOT}/Target Support Files/Pods-DentistCalendar/Pods-DentistCalendar-frameworks-${CONFIGURATION}-input-files.xcfilelist",
			);
			name = "[CP] Embed Pods Frameworks";
			outputFileListPaths = (
				"${PODS_ROOT}/Target Support Files/Pods-DentistCalendar/Pods-DentistCalendar-frameworks-${CONFIGURATION}-output-files.xcfilelist",
			);
			runOnlyForDeploymentPostprocessing = 0;
			shellPath = /bin/sh;
			shellScript = "\"${PODS_ROOT}/Target Support Files/Pods-DentistCalendar/Pods-DentistCalendar-frameworks.sh\"\n";
			showEnvVarsInLog = 0;
		};
		F347D2FA68CB98874C2DAD60 /* [CP] Check Pods Manifest.lock */ = {
			isa = PBXShellScriptBuildPhase;
			buildActionMask = 2147483647;
			files = (
			);
			inputFileListPaths = (
			);
			inputPaths = (
				"${PODS_PODFILE_DIR_PATH}/Podfile.lock",
				"${PODS_ROOT}/Manifest.lock",
			);
			name = "[CP] Check Pods Manifest.lock";
			outputFileListPaths = (
			);
			outputPaths = (
				"$(DERIVED_FILE_DIR)/Pods-DentistCalendar-checkManifestLockResult.txt",
			);
			runOnlyForDeploymentPostprocessing = 0;
			shellPath = /bin/sh;
			shellScript = "diff \"${PODS_PODFILE_DIR_PATH}/Podfile.lock\" \"${PODS_ROOT}/Manifest.lock\" > /dev/null\nif [ $? != 0 ] ; then\n    # print error to STDERR\n    echo \"error: The sandbox is not in sync with the Podfile.lock. Run 'pod install' or update your CocoaPods installation.\" >&2\n    exit 1\nfi\n# This output is used by Xcode 'outputs' to avoid re-running this script phase.\necho \"SUCCESS\" > \"${SCRIPT_OUTPUT_FILE_0}\"\n";
			showEnvVarsInLog = 0;
		};
/* End PBXShellScriptBuildPhase section */

/* Begin PBXSourcesBuildPhase section */
		6F3A1A7D2519118F0042E7C4 /* Sources */ = {
			isa = PBXSourcesBuildPhase;
			buildActionMask = 2147483647;
			files = (
				6FD57D5E253C3F8100C64847 /* DateControllerDelegaet.swift in Sources */,
				6F2FB4F3251F3DDE00A046F9 /* RegisterView.swift in Sources */,
				6F457284252E1C94008B1857 /* ProfileSettingsViewModel.swift in Sources */,
				6F3E742D2545E5FC00410A6F /* PatientUpdateViewModel.swift in Sources */,
				6FA6926A252B60F500711A88 /* ProfileSettingsView.swift in Sources */,
				6F328F45253CB60700F28F0F /* CustomButton.swift in Sources */,
				6F6546912552C285007F4C2D /* PassCodeInputModel.swift in Sources */,
				6F55F04C2526F0340095729D /* RegisterViewModel.swift in Sources */,
				6FD57D57253C3D5E00C64847 /* CalendarKitViewController.swift in Sources */,
				6FE9253D253F54FC00E5BEB6 /* PatientDetailCard.swift in Sources */,
				6F2FB4E1251F228600A046F9 /* LoginView.swift in Sources */,
				6FF64F06251E44580094C0E0 /* Item.swift in Sources */,
				6F2FB4E7251F2EED00A046F9 /* ContentHostingController.swift in Sources */,
				6F02155825409D6200F2DFBE /* PatientDetailViewModel.swift in Sources */,
				6F2FB4E4251F274C00A046F9 /* NavigationBarColor.swift in Sources */,
				6F3E74332545EB8700410A6F /* PhoneNumberTextFieldView.swift in Sources */,
				6F6546902552C285007F4C2D /* PassCodeInputCell.swift in Sources */,
				6F65468F2552C285007F4C2D /* PassCodeInputField.swift in Sources */,
				6FF64EF7251E34D70094C0E0 /* CalendarDayView.swift in Sources */,
				6FD91C28252F600E00231625 /* getTokens.swift in Sources */,
				6FF64F02251E3CBE0094C0E0 /* Color.swift in Sources */,
				6FAE12C325555DF4004B6EAB /* Patient+Extensions.swift in Sources */,
				6F6546892552C03A007F4C2D /* CodeInput.swift in Sources */,
				6F328F3F253CB5CC00F28F0F /* CustomTextField.swift in Sources */,
				6FE9D2EF2541EA2700F1C74A /* RefreshScrollView.swift in Sources */,
				6F328F42253CB5DC00F28F0F /* AvatarBlock.swift in Sources */,
				6F97FA312542A738004750BF /* PatientUpdateView.swift in Sources */,
				6FD57D61253C413500C64847 /* TimeChunk.swift in Sources */,
				6F4403BF2530BE460025BB9A /* PatientsListRow.swift in Sources */,
				6F418C102526421C008FD40F /* LoginViewModel.swift in Sources */,
				6F4403BB2530B6740025BB9A /* PatientsListView.swift in Sources */,
				6F328EB6253CADE900F28F0F /* LoginViewController.swift in Sources */,
				6F457288252E1D52008B1857 /* ProfileSettingsUserDataView.swift in Sources */,
				6F65467F25527D22007F4C2D /* SessionManager.swift in Sources */,
				6F4D9E882534A80E000DAE1C /* PatientsDetailView.swift in Sources */,
				6F418C0625262FEE008FD40F /* Api.swift in Sources */,
				6F418C0925263684008FD40F /* ApiHelper.swift in Sources */,
				6F3A1A87251911900042E7C4 /* ContentView.swift in Sources */,
				6F65468225527EC7007F4C2D /* ConfirmationView.swift in Sources */,
				6F4AFCED2531C13600F842BA /* PatientsListViewModel.swift in Sources */,
				6FA6926D252B630500711A88 /* CalendarDay.swift in Sources */,
				6F4AFCEA2531B9C100F842BA /* getAvatarColor.swift in Sources */,
				6F3A1A85251911900042E7C4 /* DentistCalendarApp.swift in Sources */,
				6FE9D2E82541E20400F1C74A /* FloatingButton.swift in Sources */,
				BF59C0BD898349219B79C2CF /* AmplifyModels.swift in Sources */,
				6CEC911EBE7849FEA7CAEA2F /* Appointment.swift in Sources */,
				0828E2405CD24DD5AE92BD96 /* Appointment+Schema.swift in Sources */,
				F8DE4DC26B10411AAAB8AD5A /* Patient.swift in Sources */,
				4DA8D83946004CBF8C054F89 /* Patient+Schema.swift in Sources */,
			);
			runOnlyForDeploymentPostprocessing = 0;
		};
/* End PBXSourcesBuildPhase section */

/* Begin XCBuildConfiguration section */
		6F3A1A8E251911900042E7C4 /* Debug */ = {
			isa = XCBuildConfiguration;
			buildSettings = {
				ALWAYS_SEARCH_USER_PATHS = NO;
				CLANG_ANALYZER_NONNULL = YES;
				CLANG_ANALYZER_NUMBER_OBJECT_CONVERSION = YES_AGGRESSIVE;
				CLANG_CXX_LANGUAGE_STANDARD = "gnu++14";
				CLANG_CXX_LIBRARY = "libc++";
				CLANG_ENABLE_MODULES = YES;
				CLANG_ENABLE_OBJC_ARC = YES;
				CLANG_ENABLE_OBJC_WEAK = YES;
				CLANG_WARN_BLOCK_CAPTURE_AUTORELEASING = YES;
				CLANG_WARN_BOOL_CONVERSION = YES;
				CLANG_WARN_COMMA = YES;
				CLANG_WARN_CONSTANT_CONVERSION = YES;
				CLANG_WARN_DEPRECATED_OBJC_IMPLEMENTATIONS = YES;
				CLANG_WARN_DIRECT_OBJC_ISA_USAGE = YES_ERROR;
				CLANG_WARN_DOCUMENTATION_COMMENTS = YES;
				CLANG_WARN_EMPTY_BODY = YES;
				CLANG_WARN_ENUM_CONVERSION = YES;
				CLANG_WARN_INFINITE_RECURSION = YES;
				CLANG_WARN_INT_CONVERSION = YES;
				CLANG_WARN_NON_LITERAL_NULL_CONVERSION = YES;
				CLANG_WARN_OBJC_IMPLICIT_RETAIN_SELF = YES;
				CLANG_WARN_OBJC_LITERAL_CONVERSION = YES;
				CLANG_WARN_OBJC_ROOT_CLASS = YES_ERROR;
				CLANG_WARN_QUOTED_INCLUDE_IN_FRAMEWORK_HEADER = YES;
				CLANG_WARN_RANGE_LOOP_ANALYSIS = YES;
				CLANG_WARN_STRICT_PROTOTYPES = YES;
				CLANG_WARN_SUSPICIOUS_MOVE = YES;
				CLANG_WARN_UNGUARDED_AVAILABILITY = YES_AGGRESSIVE;
				CLANG_WARN_UNREACHABLE_CODE = YES;
				CLANG_WARN__DUPLICATE_METHOD_MATCH = YES;
				COPY_PHASE_STRIP = NO;
				DEBUG_INFORMATION_FORMAT = dwarf;
				ENABLE_STRICT_OBJC_MSGSEND = YES;
				ENABLE_TESTABILITY = YES;
				GCC_C_LANGUAGE_STANDARD = gnu11;
				GCC_DYNAMIC_NO_PIC = NO;
				GCC_NO_COMMON_BLOCKS = YES;
				GCC_OPTIMIZATION_LEVEL = 0;
				GCC_PREPROCESSOR_DEFINITIONS = (
					"DEBUG=1",
					"$(inherited)",
				);
				GCC_WARN_64_TO_32_BIT_CONVERSION = YES;
				GCC_WARN_ABOUT_RETURN_TYPE = YES_ERROR;
				GCC_WARN_UNDECLARED_SELECTOR = YES;
				GCC_WARN_UNINITIALIZED_AUTOS = YES_AGGRESSIVE;
				GCC_WARN_UNUSED_FUNCTION = YES;
				GCC_WARN_UNUSED_VARIABLE = YES;
				IPHONEOS_DEPLOYMENT_TARGET = 13.0;
				MTL_ENABLE_DEBUG_INFO = INCLUDE_SOURCE;
				MTL_FAST_MATH = YES;
				ONLY_ACTIVE_ARCH = YES;
				SDKROOT = iphoneos;
				SWIFT_ACTIVE_COMPILATION_CONDITIONS = DEBUG;
				SWIFT_OPTIMIZATION_LEVEL = "-Onone";
			};
			name = Debug;
		};
		6F3A1A8F251911900042E7C4 /* Release */ = {
			isa = XCBuildConfiguration;
			buildSettings = {
				ALWAYS_SEARCH_USER_PATHS = NO;
				CLANG_ANALYZER_NONNULL = YES;
				CLANG_ANALYZER_NUMBER_OBJECT_CONVERSION = YES_AGGRESSIVE;
				CLANG_CXX_LANGUAGE_STANDARD = "gnu++14";
				CLANG_CXX_LIBRARY = "libc++";
				CLANG_ENABLE_MODULES = YES;
				CLANG_ENABLE_OBJC_ARC = YES;
				CLANG_ENABLE_OBJC_WEAK = YES;
				CLANG_WARN_BLOCK_CAPTURE_AUTORELEASING = YES;
				CLANG_WARN_BOOL_CONVERSION = YES;
				CLANG_WARN_COMMA = YES;
				CLANG_WARN_CONSTANT_CONVERSION = YES;
				CLANG_WARN_DEPRECATED_OBJC_IMPLEMENTATIONS = YES;
				CLANG_WARN_DIRECT_OBJC_ISA_USAGE = YES_ERROR;
				CLANG_WARN_DOCUMENTATION_COMMENTS = YES;
				CLANG_WARN_EMPTY_BODY = YES;
				CLANG_WARN_ENUM_CONVERSION = YES;
				CLANG_WARN_INFINITE_RECURSION = YES;
				CLANG_WARN_INT_CONVERSION = YES;
				CLANG_WARN_NON_LITERAL_NULL_CONVERSION = YES;
				CLANG_WARN_OBJC_IMPLICIT_RETAIN_SELF = YES;
				CLANG_WARN_OBJC_LITERAL_CONVERSION = YES;
				CLANG_WARN_OBJC_ROOT_CLASS = YES_ERROR;
				CLANG_WARN_QUOTED_INCLUDE_IN_FRAMEWORK_HEADER = YES;
				CLANG_WARN_RANGE_LOOP_ANALYSIS = YES;
				CLANG_WARN_STRICT_PROTOTYPES = YES;
				CLANG_WARN_SUSPICIOUS_MOVE = YES;
				CLANG_WARN_UNGUARDED_AVAILABILITY = YES_AGGRESSIVE;
				CLANG_WARN_UNREACHABLE_CODE = YES;
				CLANG_WARN__DUPLICATE_METHOD_MATCH = YES;
				COPY_PHASE_STRIP = NO;
				DEBUG_INFORMATION_FORMAT = "dwarf-with-dsym";
				ENABLE_NS_ASSERTIONS = NO;
				ENABLE_STRICT_OBJC_MSGSEND = YES;
				GCC_C_LANGUAGE_STANDARD = gnu11;
				GCC_NO_COMMON_BLOCKS = YES;
				GCC_WARN_64_TO_32_BIT_CONVERSION = YES;
				GCC_WARN_ABOUT_RETURN_TYPE = YES_ERROR;
				GCC_WARN_UNDECLARED_SELECTOR = YES;
				GCC_WARN_UNINITIALIZED_AUTOS = YES_AGGRESSIVE;
				GCC_WARN_UNUSED_FUNCTION = YES;
				GCC_WARN_UNUSED_VARIABLE = YES;
				IPHONEOS_DEPLOYMENT_TARGET = 13.0;
				MTL_ENABLE_DEBUG_INFO = NO;
				MTL_FAST_MATH = YES;
				SDKROOT = iphoneos;
				SWIFT_COMPILATION_MODE = wholemodule;
				SWIFT_OPTIMIZATION_LEVEL = "-O";
				VALIDATE_PRODUCT = YES;
			};
			name = Release;
		};
		6F3A1A91251911900042E7C4 /* Debug */ = {
			isa = XCBuildConfiguration;
			baseConfigurationReference = 7E842148E0DFF37B8A237A7D /* Pods-DentistCalendar.debug.xcconfig */;
			buildSettings = {
				ASSETCATALOG_COMPILER_APPICON_NAME = AppIcon;
				ASSETCATALOG_COMPILER_GLOBAL_ACCENT_COLOR_NAME = AccentColor;
				CODE_SIGN_STYLE = Automatic;
				DEVELOPMENT_ASSET_PATHS = "\"DentistCalendar/Preview Content\"";
				DEVELOPMENT_TEAM = 628BB54ZJN;
				ENABLE_PREVIEWS = YES;
				INFOPLIST_FILE = DentistCalendar/Info.plist;
				IPHONEOS_DEPLOYMENT_TARGET = 14.0;
				LD_RUNPATH_SEARCH_PATHS = (
					"$(inherited)",
					"@executable_path/Frameworks",
				);
				PRODUCT_BUNDLE_IDENTIFIER = com.katsushooter.DentistCalendar;
				PRODUCT_NAME = "$(TARGET_NAME)";
				SWIFT_VERSION = 5.0;
				TARGETED_DEVICE_FAMILY = "1,2";
			};
			name = Debug;
		};
		6F3A1A92251911900042E7C4 /* Release */ = {
			isa = XCBuildConfiguration;
			baseConfigurationReference = 4FEA24AC1FE1FBEB1ADB1961 /* Pods-DentistCalendar.release.xcconfig */;
			buildSettings = {
				ASSETCATALOG_COMPILER_APPICON_NAME = AppIcon;
				ASSETCATALOG_COMPILER_GLOBAL_ACCENT_COLOR_NAME = AccentColor;
				CODE_SIGN_STYLE = Automatic;
				DEVELOPMENT_ASSET_PATHS = "\"DentistCalendar/Preview Content\"";
				DEVELOPMENT_TEAM = 628BB54ZJN;
				ENABLE_PREVIEWS = YES;
				INFOPLIST_FILE = DentistCalendar/Info.plist;
				IPHONEOS_DEPLOYMENT_TARGET = 14.0;
				LD_RUNPATH_SEARCH_PATHS = (
					"$(inherited)",
					"@executable_path/Frameworks",
				);
				PRODUCT_BUNDLE_IDENTIFIER = com.katsushooter.DentistCalendar;
				PRODUCT_NAME = "$(TARGET_NAME)";
				SWIFT_VERSION = 5.0;
				TARGETED_DEVICE_FAMILY = "1,2";
			};
			name = Release;
		};
/* End XCBuildConfiguration section */

/* Begin XCConfigurationList section */
		6F3A1A7C2519118F0042E7C4 /* Build configuration list for PBXProject "DentistCalendar" */ = {
			isa = XCConfigurationList;
			buildConfigurations = (
				6F3A1A8E251911900042E7C4 /* Debug */,
				6F3A1A8F251911900042E7C4 /* Release */,
			);
			defaultConfigurationIsVisible = 0;
			defaultConfigurationName = Release;
		};
		6F3A1A90251911900042E7C4 /* Build configuration list for PBXNativeTarget "DentistCalendar" */ = {
			isa = XCConfigurationList;
			buildConfigurations = (
				6F3A1A91251911900042E7C4 /* Debug */,
				6F3A1A92251911900042E7C4 /* Release */,
			);
			defaultConfigurationIsVisible = 0;
			defaultConfigurationName = Release;
		};
/* End XCConfigurationList section */

/* Begin XCRemoteSwiftPackageReference section */
		6F65468425528CB0007F4C2D /* XCRemoteSwiftPackageReference "slugify" */ = {
			isa = XCRemoteSwiftPackageReference;
			repositoryURL = "https://github.com/nodes-vapor/slugify";
			requirement = {
				kind = upToNextMajorVersion;
				minimumVersion = 2.0.0;
			};
		};
/* End XCRemoteSwiftPackageReference section */

/* Begin XCSwiftPackageProductDependency section */
		6F65468525528CB0007F4C2D /* Slugify */ = {
			isa = XCSwiftPackageProductDependency;
			package = 6F65468425528CB0007F4C2D /* XCRemoteSwiftPackageReference "slugify" */;
			productName = Slugify;
		};
/* End XCSwiftPackageProductDependency section */
	};
	rootObject = 6F3A1A792519118F0042E7C4 /* Project object */;
}
